// !$*UTF8*$!
{
	archiveVersion = 1;
	classes = {
	};
	objectVersion = 50;
	objects = {

/* Begin PBXBuildFile section */
		20213B902292A1AE00A29F52 /* DateService.m in Sources */ = {isa = PBXBuildFile; fileRef = 20213B8F2292A1AE00A29F52 /* DateService.m */; };
		2090009D2284794D00394CFE /* MainMenuDataMediator.m in Sources */ = {isa = PBXBuildFile; fileRef = 2090009C2284794D00394CFE /* MainMenuDataMediator.m */; };
		209000A022847FD300394CFE /* AppTheme.swift in Sources */ = {isa = PBXBuildFile; fileRef = 2090009F22847FD300394CFE /* AppTheme.swift */; };
		209000A3228480E200394CFE /* UIColor.swift in Sources */ = {isa = PBXBuildFile; fileRef = 209000A2228480E200394CFE /* UIColor.swift */; };
		20AD30AD2280BBDA0078E8C6 /* HealthService.m in Sources */ = {isa = PBXBuildFile; fileRef = 20AD30AC2280BBDA0078E8C6 /* HealthService.m */; };
		20AD30AF2280BBFD0078E8C6 /* HealthKit.framework in Frameworks */ = {isa = PBXBuildFile; fileRef = 20AD30AE2280BBFD0078E8C6 /* HealthKit.framework */; };
		20AD30B72280DC6C0078E8C6 /* DietaryFacade.m in Sources */ = {isa = PBXBuildFile; fileRef = 20AD30B62280DC6C0078E8C6 /* DietaryFacade.m */; };
		20B2063A229049370038875A /* VKAuthScreenPresenter.m in Sources */ = {isa = PBXBuildFile; fileRef = 20B2062D229049370038875A /* VKAuthScreenPresenter.m */; };
		20B2063B229049370038875A /* VKAuthScreenViewController.m in Sources */ = {isa = PBXBuildFile; fileRef = 20B20630229049370038875A /* VKAuthScreenViewController.m */; };
		20B2063C229049370038875A /* VKAuthScreenAssembly.m in Sources */ = {isa = PBXBuildFile; fileRef = 20B20634229049370038875A /* VKAuthScreenAssembly.m */; };
		20B2063D229049370038875A /* VKAuthScreenRouter.m in Sources */ = {isa = PBXBuildFile; fileRef = 20B20638229049370038875A /* VKAuthScreenRouter.m */; };
		20B2064422904CEA0038875A /* KeychainService.m in Sources */ = {isa = PBXBuildFile; fileRef = 20B2064322904CEA0038875A /* KeychainService.m */; };
		20B2064C22905DEB0038875A /* UIViewController+Alertable.m in Sources */ = {isa = PBXBuildFile; fileRef = 20B2064B22905DEB0038875A /* UIViewController+Alertable.m */; };
		20B20666229073C30038875A /* ProfilePresenter.m in Sources */ = {isa = PBXBuildFile; fileRef = 20B2065A229073C20038875A /* ProfilePresenter.m */; };
		20B20667229073C30038875A /* ProfileRouter.m in Sources */ = {isa = PBXBuildFile; fileRef = 20B2065D229073C20038875A /* ProfileRouter.m */; };
		20B20668229073C30038875A /* ProfileAssembly.m in Sources */ = {isa = PBXBuildFile; fileRef = 20B20662229073C30038875A /* ProfileAssembly.m */; };
		20B20669229073C30038875A /* ProfileViewController.m in Sources */ = {isa = PBXBuildFile; fileRef = 20B20665229073C30038875A /* ProfileViewController.m */; };
		20B2066E22908A7A0038875A /* LocalNotificationsService.m in Sources */ = {isa = PBXBuildFile; fileRef = 20B2066D22908A7A0038875A /* LocalNotificationsService.m */; };
		20B206712291452A0038875A /* MealTimeDataMediator.m in Sources */ = {isa = PBXBuildFile; fileRef = 20B206702291452A0038875A /* MealTimeDataMediator.m */; };
		20B20675229173AC0038875A /* ErrorDTO.m in Sources */ = {isa = PBXBuildFile; fileRef = 20B20674229173AC0038875A /* ErrorDTO.m */; };
		20B2067D229181BB0038875A /* MealTableFooter.m in Sources */ = {isa = PBXBuildFile; fileRef = 20B2067C229181BB0038875A /* MealTableFooter.m */; };
		20B20680229181C30038875A /* MealTableFooterViewModel.m in Sources */ = {isa = PBXBuildFile; fileRef = 20B2067F229181C30038875A /* MealTableFooterViewModel.m */; };
		20B206A02291855B0038875A /* AddMealRouter.m in Sources */ = {isa = PBXBuildFile; fileRef = 20B206932291855A0038875A /* AddMealRouter.m */; };
		20B206A12291855B0038875A /* AddMealAssembly.m in Sources */ = {isa = PBXBuildFile; fileRef = 20B206972291855A0038875A /* AddMealAssembly.m */; };
		20B206A22291855B0038875A /* AddMealViewController.m in Sources */ = {isa = PBXBuildFile; fileRef = 20B2069B2291855B0038875A /* AddMealViewController.m */; };
		20B206A32291855B0038875A /* AddMealPresenter.m in Sources */ = {isa = PBXBuildFile; fileRef = 20B2069F2291855B0038875A /* AddMealPresenter.m */; };
		20B206A72291880A0038875A /* UIView+CornerRadius.m in Sources */ = {isa = PBXBuildFile; fileRef = 20B206A62291880A0038875A /* UIView+CornerRadius.m */; };
		20B206AB2291EE1F0038875A /* MealsRepository.m in Sources */ = {isa = PBXBuildFile; fileRef = 20B206AA2291EE1F0038875A /* MealsRepository.m */; };
		20B206CB2291F0830038875A /* WorkoutValues+CoreDataProperties.m in Sources */ = {isa = PBXBuildFile; fileRef = 20B206C52291F07F0038875A /* WorkoutValues+CoreDataProperties.m */; };
		20B206CC2291F0830038875A /* WorkoutValues+CoreDataClass.m in Sources */ = {isa = PBXBuildFile; fileRef = 20B206C62291F07F0038875A /* WorkoutValues+CoreDataClass.m */; };
		20B206CD2291F0830038875A /* DietaryValues+CoreDataProperties.m in Sources */ = {isa = PBXBuildFile; fileRef = 20B206C72291F07F0038875A /* DietaryValues+CoreDataProperties.m */; };
		20B206CE2291F0830038875A /* DietaryValues+CoreDataClass.m in Sources */ = {isa = PBXBuildFile; fileRef = 20B206C92291F0800038875A /* DietaryValues+CoreDataClass.m */; };
		20B206D52291F0C90038875A /* MealDTO.m in Sources */ = {isa = PBXBuildFile; fileRef = 20B206D42291F0C90038875A /* MealDTO.m */; };
		20B206D92291F0D50038875A /* MealTimeDTO.m in Sources */ = {isa = PBXBuildFile; fileRef = 20B206D82291F0D50038875A /* MealTimeDTO.m */; };
		20B206E42291F4CA0038875A /* MealTime+CoreDataProperties.m in Sources */ = {isa = PBXBuildFile; fileRef = 20B206E12291F4C90038875A /* MealTime+CoreDataProperties.m */; };
		20B206E52291F4CA0038875A /* MealTime+CoreDataClass.m in Sources */ = {isa = PBXBuildFile; fileRef = 20B206E22291F4C90038875A /* MealTime+CoreDataClass.m */; };
		20B2F0D92281BD1A004B3209 /* MealCell.m in Sources */ = {isa = PBXBuildFile; fileRef = 20B2F0D82281BD1A004B3209 /* MealCell.m */; };
		20B2F0DC2281BD26004B3209 /* MealCellViewModel.m in Sources */ = {isa = PBXBuildFile; fileRef = 20B2F0DB2281BD26004B3209 /* MealCellViewModel.m */; };
		20B2F0E12281C7FD004B3209 /* MealTableViewHeader.m in Sources */ = {isa = PBXBuildFile; fileRef = 20B2F0E02281C7FD004B3209 /* MealTableViewHeader.m */; };
		20B2F0E42281C825004B3209 /* MealTimeViewModel.m in Sources */ = {isa = PBXBuildFile; fileRef = 20B2F0E32281C825004B3209 /* MealTimeViewModel.m */; };
		20B2F0E822845D50004B3209 /* MainMenuHeader.m in Sources */ = {isa = PBXBuildFile; fileRef = 20B2F0E722845D50004B3209 /* MainMenuHeader.m */; };
		20B2F0EB22845D61004B3209 /* MainMenuHeaderViewModel.m in Sources */ = {isa = PBXBuildFile; fileRef = 20B2F0EA22845D61004B3209 /* MainMenuHeaderViewModel.m */; };
		20C2CAC9226C7B2B006EFDCC /* AppDelegate.m in Sources */ = {isa = PBXBuildFile; fileRef = 20C2CAC8226C7B2B006EFDCC /* AppDelegate.m */; };
		20C2CAD2226C7B2B006EFDCC /* EatTrainSleepRepeat.xcdatamodeld in Sources */ = {isa = PBXBuildFile; fileRef = 20C2CAD0226C7B2B006EFDCC /* EatTrainSleepRepeat.xcdatamodeld */; };
		20C2CAD4226C7B2D006EFDCC /* Assets.xcassets in Resources */ = {isa = PBXBuildFile; fileRef = 20C2CAD3226C7B2D006EFDCC /* Assets.xcassets */; };
		20C2CAD7226C7B2D006EFDCC /* LaunchScreen.storyboard in Resources */ = {isa = PBXBuildFile; fileRef = 20C2CAD5226C7B2D006EFDCC /* LaunchScreen.storyboard */; };
		20C2CADA226C7B2D006EFDCC /* main.m in Sources */ = {isa = PBXBuildFile; fileRef = 20C2CAD9226C7B2D006EFDCC /* main.m */; };
		20D0191322903FF80033F42E /* MealTimeAssembly.m in Sources */ = {isa = PBXBuildFile; fileRef = 20D0190722903FF80033F42E /* MealTimeAssembly.m */; };
		20D0191422903FF80033F42E /* MealTimePresenter.m in Sources */ = {isa = PBXBuildFile; fileRef = 20D0190922903FF80033F42E /* MealTimePresenter.m */; };
		20D0191522903FF80033F42E /* MealTimeViewController.m in Sources */ = {isa = PBXBuildFile; fileRef = 20D0190D22903FF80033F42E /* MealTimeViewController.m */; };
		20D0191622903FF80033F42E /* MealTimeRouter.m in Sources */ = {isa = PBXBuildFile; fileRef = 20D0191122903FF80033F42E /* MealTimeRouter.m */; };
		20DD5DAA2292CFB60014A15A /* AddMealDataMediator.m in Sources */ = {isa = PBXBuildFile; fileRef = 20DD5DA92292CFB60014A15A /* AddMealDataMediator.m */; };
		20DD5DAE2292D1040014A15A /* ETSRTextFieldCell.m in Sources */ = {isa = PBXBuildFile; fileRef = 20DD5DAD2292D1040014A15A /* ETSRTextFieldCell.m */; };
		20DD5DB12292D1400014A15A /* ETSRTextFieldCellViewModel.m in Sources */ = {isa = PBXBuildFile; fileRef = 20DD5DB02292D1400014A15A /* ETSRTextFieldCellViewModel.m */; };
		20E003792280E87E003E6265 /* WorkoutFacade.swift in Sources */ = {isa = PBXBuildFile; fileRef = 20E003782280E87E003E6265 /* WorkoutFacade.swift */; };
		20F221A8226C7BD7009D6853 /* CoreDataService.m in Sources */ = {isa = PBXBuildFile; fileRef = 20F221A7226C7BD7009D6853 /* CoreDataService.m */; };
		20F221B5226C7D9D009D6853 /* Meal+CoreDataClass.m in Sources */ = {isa = PBXBuildFile; fileRef = 20F221B1226C7D9D009D6853 /* Meal+CoreDataClass.m */; };
		20F221B6226C7D9D009D6853 /* Meal+CoreDataProperties.m in Sources */ = {isa = PBXBuildFile; fileRef = 20F221B2226C7D9D009D6853 /* Meal+CoreDataProperties.m */; };
		20F221D7226C7EE5009D6853 /* TabBarViewController.m in Sources */ = {isa = PBXBuildFile; fileRef = 20F221CA226C7EE5009D6853 /* TabBarViewController.m */; };
		20F221D8226C7EE5009D6853 /* TabBarRouter.m in Sources */ = {isa = PBXBuildFile; fileRef = 20F221CD226C7EE5009D6853 /* TabBarRouter.m */; };
		20F221D9226C7EE5009D6853 /* TabBarPresenter.m in Sources */ = {isa = PBXBuildFile; fileRef = 20F221CF226C7EE5009D6853 /* TabBarPresenter.m */; };
		20F221DA226C7EE5009D6853 /* TabBarAssembly.m in Sources */ = {isa = PBXBuildFile; fileRef = 20F221D3226C7EE5009D6853 /* TabBarAssembly.m */; };
		20F221F7226C8048009D6853 /* MainMenuPresenter.m in Sources */ = {isa = PBXBuildFile; fileRef = 20F221EA226C8048009D6853 /* MainMenuPresenter.m */; };
		20F221F8226C8048009D6853 /* MainMenuAssembly.m in Sources */ = {isa = PBXBuildFile; fileRef = 20F221EE226C8048009D6853 /* MainMenuAssembly.m */; };
		20F221F9226C8048009D6853 /* MainMenuRouter.m in Sources */ = {isa = PBXBuildFile; fileRef = 20F221F2226C8048009D6853 /* MainMenuRouter.m */; };
		20F221FA226C8048009D6853 /* MainMenuViewController.m in Sources */ = {isa = PBXBuildFile; fileRef = 20F221F6226C8048009D6853 /* MainMenuViewController.m */; };
		20F22201226C96D4009D6853 /* NetworkService.m in Sources */ = {isa = PBXBuildFile; fileRef = 20F22200226C96D4009D6853 /* NetworkService.m */; };
		20F22206226C9E1D009D6853 /* UIView+Constraints.m in Sources */ = {isa = PBXBuildFile; fileRef = 20F22205226C9E1D009D6853 /* UIView+Constraints.m */; };
		20F2220A226C9F99009D6853 /* ETSRMainMenuCell.m in Sources */ = {isa = PBXBuildFile; fileRef = 20F22209226C9F99009D6853 /* ETSRMainMenuCell.m */; };
		20F2220D226CA06F009D6853 /* MainMenuCellViewModel.m in Sources */ = {isa = PBXBuildFile; fileRef = 20F2220C226CA06F009D6853 /* MainMenuCellViewModel.m */; };
		AF1E120B67A67FC3596FDC64 /* libPods-EatTrainSleepRepeat.a in Frameworks */ = {isa = PBXBuildFile; fileRef = 0A51F8BC639BBEAA8635F81F /* libPods-EatTrainSleepRepeat.a */; };
/* End PBXBuildFile section */

/* Begin PBXFileReference section */
		0A51F8BC639BBEAA8635F81F /* libPods-EatTrainSleepRepeat.a */ = {isa = PBXFileReference; explicitFileType = archive.ar; includeInIndex = 0; path = "libPods-EatTrainSleepRepeat.a"; sourceTree = BUILT_PRODUCTS_DIR; };
		20213B8E2292A1AE00A29F52 /* DateService.h */ = {isa = PBXFileReference; lastKnownFileType = sourcecode.c.h; path = DateService.h; sourceTree = "<group>"; };
		20213B8F2292A1AE00A29F52 /* DateService.m */ = {isa = PBXFileReference; lastKnownFileType = sourcecode.c.objc; path = DateService.m; sourceTree = "<group>"; };
		2090009B2284794D00394CFE /* MainMenuDataMediator.h */ = {isa = PBXFileReference; lastKnownFileType = sourcecode.c.h; path = MainMenuDataMediator.h; sourceTree = "<group>"; };
		2090009C2284794D00394CFE /* MainMenuDataMediator.m */ = {isa = PBXFileReference; lastKnownFileType = sourcecode.c.objc; path = MainMenuDataMediator.m; sourceTree = "<group>"; };
		2090009F22847FD300394CFE /* AppTheme.swift */ = {isa = PBXFileReference; lastKnownFileType = sourcecode.swift; path = AppTheme.swift; sourceTree = "<group>"; };
		209000A2228480E200394CFE /* UIColor.swift */ = {isa = PBXFileReference; lastKnownFileType = sourcecode.swift; path = UIColor.swift; sourceTree = "<group>"; };
		20AD30AB2280BBDA0078E8C6 /* HealthService.h */ = {isa = PBXFileReference; lastKnownFileType = sourcecode.c.h; path = HealthService.h; sourceTree = "<group>"; };
		20AD30AC2280BBDA0078E8C6 /* HealthService.m */ = {isa = PBXFileReference; lastKnownFileType = sourcecode.c.objc; path = HealthService.m; sourceTree = "<group>"; };
		20AD30AE2280BBFD0078E8C6 /* HealthKit.framework */ = {isa = PBXFileReference; lastKnownFileType = wrapper.framework; name = HealthKit.framework; path = System/Library/Frameworks/HealthKit.framework; sourceTree = SDKROOT; };
		20AD30B02280BBFD0078E8C6 /* EatTrainSleepRepeat.entitlements */ = {isa = PBXFileReference; lastKnownFileType = text.plist.entitlements; path = EatTrainSleepRepeat.entitlements; sourceTree = "<group>"; };
		20AD30B52280DC6C0078E8C6 /* DietaryFacade.h */ = {isa = PBXFileReference; lastKnownFileType = sourcecode.c.h; path = DietaryFacade.h; sourceTree = "<group>"; };
		20AD30B62280DC6C0078E8C6 /* DietaryFacade.m */ = {isa = PBXFileReference; lastKnownFileType = sourcecode.c.objc; path = DietaryFacade.m; sourceTree = "<group>"; };
		20B2062D229049370038875A /* VKAuthScreenPresenter.m */ = {isa = PBXFileReference; fileEncoding = 4; lastKnownFileType = sourcecode.c.objc; path = VKAuthScreenPresenter.m; sourceTree = "<group>"; };
		20B2062E229049370038875A /* VKAuthScreenPresenter.h */ = {isa = PBXFileReference; fileEncoding = 4; lastKnownFileType = sourcecode.c.h; path = VKAuthScreenPresenter.h; sourceTree = "<group>"; };
		20B20630229049370038875A /* VKAuthScreenViewController.m */ = {isa = PBXFileReference; fileEncoding = 4; lastKnownFileType = sourcecode.c.objc; path = VKAuthScreenViewController.m; sourceTree = "<group>"; };
		20B20631229049370038875A /* VKAuthScreenViewController.h */ = {isa = PBXFileReference; fileEncoding = 4; lastKnownFileType = sourcecode.c.h; path = VKAuthScreenViewController.h; sourceTree = "<group>"; };
		20B20633229049370038875A /* VKAuthScreenAssembly.h */ = {isa = PBXFileReference; fileEncoding = 4; lastKnownFileType = sourcecode.c.h; path = VKAuthScreenAssembly.h; sourceTree = "<group>"; };
		20B20634229049370038875A /* VKAuthScreenAssembly.m */ = {isa = PBXFileReference; fileEncoding = 4; lastKnownFileType = sourcecode.c.objc; path = VKAuthScreenAssembly.m; sourceTree = "<group>"; };
		20B20636229049370038875A /* VKAuthScreenProtocols.h */ = {isa = PBXFileReference; fileEncoding = 4; lastKnownFileType = sourcecode.c.h; path = VKAuthScreenProtocols.h; sourceTree = "<group>"; };
		20B20638229049370038875A /* VKAuthScreenRouter.m */ = {isa = PBXFileReference; fileEncoding = 4; lastKnownFileType = sourcecode.c.objc; path = VKAuthScreenRouter.m; sourceTree = "<group>"; };
		20B20639229049370038875A /* VKAuthScreenRouter.h */ = {isa = PBXFileReference; fileEncoding = 4; lastKnownFileType = sourcecode.c.h; path = VKAuthScreenRouter.h; sourceTree = "<group>"; };
		20B2064222904CEA0038875A /* KeychainService.h */ = {isa = PBXFileReference; lastKnownFileType = sourcecode.c.h; path = KeychainService.h; sourceTree = "<group>"; };
		20B2064322904CEA0038875A /* KeychainService.m */ = {isa = PBXFileReference; lastKnownFileType = sourcecode.c.objc; path = KeychainService.m; sourceTree = "<group>"; };
		20B2064622905D900038875A /* Alertable.h */ = {isa = PBXFileReference; lastKnownFileType = sourcecode.c.h; path = Alertable.h; sourceTree = "<group>"; };
		20B2064A22905DEB0038875A /* UIViewController+Alertable.h */ = {isa = PBXFileReference; lastKnownFileType = sourcecode.c.h; path = "UIViewController+Alertable.h"; sourceTree = "<group>"; };
		20B2064B22905DEB0038875A /* UIViewController+Alertable.m */ = {isa = PBXFileReference; lastKnownFileType = sourcecode.c.objc; path = "UIViewController+Alertable.m"; sourceTree = "<group>"; };
		20B20659229073C20038875A /* ProfilePresenter.h */ = {isa = PBXFileReference; fileEncoding = 4; lastKnownFileType = sourcecode.c.h; path = ProfilePresenter.h; sourceTree = "<group>"; };
		20B2065A229073C20038875A /* ProfilePresenter.m */ = {isa = PBXFileReference; fileEncoding = 4; lastKnownFileType = sourcecode.c.objc; path = ProfilePresenter.m; sourceTree = "<group>"; };
		20B2065C229073C20038875A /* ProfileRouter.h */ = {isa = PBXFileReference; fileEncoding = 4; lastKnownFileType = sourcecode.c.h; path = ProfileRouter.h; sourceTree = "<group>"; };
		20B2065D229073C20038875A /* ProfileRouter.m */ = {isa = PBXFileReference; fileEncoding = 4; lastKnownFileType = sourcecode.c.objc; path = ProfileRouter.m; sourceTree = "<group>"; };
		20B2065F229073C30038875A /* ProfileProtocols.h */ = {isa = PBXFileReference; fileEncoding = 4; lastKnownFileType = sourcecode.c.h; path = ProfileProtocols.h; sourceTree = "<group>"; };
		20B20661229073C30038875A /* ProfileAssembly.h */ = {isa = PBXFileReference; fileEncoding = 4; lastKnownFileType = sourcecode.c.h; path = ProfileAssembly.h; sourceTree = "<group>"; };
		20B20662229073C30038875A /* ProfileAssembly.m */ = {isa = PBXFileReference; fileEncoding = 4; lastKnownFileType = sourcecode.c.objc; path = ProfileAssembly.m; sourceTree = "<group>"; };
		20B20664229073C30038875A /* ProfileViewController.h */ = {isa = PBXFileReference; fileEncoding = 4; lastKnownFileType = sourcecode.c.h; path = ProfileViewController.h; sourceTree = "<group>"; };
		20B20665229073C30038875A /* ProfileViewController.m */ = {isa = PBXFileReference; fileEncoding = 4; lastKnownFileType = sourcecode.c.objc; path = ProfileViewController.m; sourceTree = "<group>"; };
		20B2066C22908A7A0038875A /* LocalNotificationsService.h */ = {isa = PBXFileReference; lastKnownFileType = sourcecode.c.h; path = LocalNotificationsService.h; sourceTree = "<group>"; };
		20B2066D22908A7A0038875A /* LocalNotificationsService.m */ = {isa = PBXFileReference; lastKnownFileType = sourcecode.c.objc; path = LocalNotificationsService.m; sourceTree = "<group>"; };
		20B2066F2291452A0038875A /* MealTimeDataMediator.h */ = {isa = PBXFileReference; lastKnownFileType = sourcecode.c.h; path = MealTimeDataMediator.h; sourceTree = "<group>"; };
		20B206702291452A0038875A /* MealTimeDataMediator.m */ = {isa = PBXFileReference; lastKnownFileType = sourcecode.c.objc; path = MealTimeDataMediator.m; sourceTree = "<group>"; };
		20B20673229173AC0038875A /* ErrorDTO.h */ = {isa = PBXFileReference; lastKnownFileType = sourcecode.c.h; path = ErrorDTO.h; sourceTree = "<group>"; };
		20B20674229173AC0038875A /* ErrorDTO.m */ = {isa = PBXFileReference; lastKnownFileType = sourcecode.c.objc; path = ErrorDTO.m; sourceTree = "<group>"; };
		20B2067B229181BB0038875A /* MealTableFooter.h */ = {isa = PBXFileReference; lastKnownFileType = sourcecode.c.h; path = MealTableFooter.h; sourceTree = "<group>"; };
		20B2067C229181BB0038875A /* MealTableFooter.m */ = {isa = PBXFileReference; lastKnownFileType = sourcecode.c.objc; path = MealTableFooter.m; sourceTree = "<group>"; };
		20B2067E229181C30038875A /* MealTableFooterViewModel.h */ = {isa = PBXFileReference; lastKnownFileType = sourcecode.c.h; path = MealTableFooterViewModel.h; sourceTree = "<group>"; };
		20B2067F229181C30038875A /* MealTableFooterViewModel.m */ = {isa = PBXFileReference; lastKnownFileType = sourcecode.c.objc; path = MealTableFooterViewModel.m; sourceTree = "<group>"; };
		20B206932291855A0038875A /* AddMealRouter.m */ = {isa = PBXFileReference; fileEncoding = 4; lastKnownFileType = sourcecode.c.objc; path = AddMealRouter.m; sourceTree = "<group>"; };
		20B206942291855A0038875A /* AddMealRouter.h */ = {isa = PBXFileReference; fileEncoding = 4; lastKnownFileType = sourcecode.c.h; path = AddMealRouter.h; sourceTree = "<group>"; };
		20B206962291855A0038875A /* AddMealAssembly.h */ = {isa = PBXFileReference; fileEncoding = 4; lastKnownFileType = sourcecode.c.h; path = AddMealAssembly.h; sourceTree = "<group>"; };
		20B206972291855A0038875A /* AddMealAssembly.m */ = {isa = PBXFileReference; fileEncoding = 4; lastKnownFileType = sourcecode.c.objc; path = AddMealAssembly.m; sourceTree = "<group>"; };
		20B206992291855B0038875A /* AddMealProtocols.h */ = {isa = PBXFileReference; fileEncoding = 4; lastKnownFileType = sourcecode.c.h; path = AddMealProtocols.h; sourceTree = "<group>"; };
		20B2069B2291855B0038875A /* AddMealViewController.m */ = {isa = PBXFileReference; fileEncoding = 4; lastKnownFileType = sourcecode.c.objc; path = AddMealViewController.m; sourceTree = "<group>"; };
		20B2069C2291855B0038875A /* AddMealViewController.h */ = {isa = PBXFileReference; fileEncoding = 4; lastKnownFileType = sourcecode.c.h; path = AddMealViewController.h; sourceTree = "<group>"; };
		20B2069E2291855B0038875A /* AddMealPresenter.h */ = {isa = PBXFileReference; fileEncoding = 4; lastKnownFileType = sourcecode.c.h; path = AddMealPresenter.h; sourceTree = "<group>"; };
		20B2069F2291855B0038875A /* AddMealPresenter.m */ = {isa = PBXFileReference; fileEncoding = 4; lastKnownFileType = sourcecode.c.objc; path = AddMealPresenter.m; sourceTree = "<group>"; };
		20B206A52291880A0038875A /* UIView+CornerRadius.h */ = {isa = PBXFileReference; lastKnownFileType = sourcecode.c.h; path = "UIView+CornerRadius.h"; sourceTree = "<group>"; };
		20B206A62291880A0038875A /* UIView+CornerRadius.m */ = {isa = PBXFileReference; lastKnownFileType = sourcecode.c.objc; path = "UIView+CornerRadius.m"; sourceTree = "<group>"; };
		20B206A92291EE1F0038875A /* MealsRepository.h */ = {isa = PBXFileReference; lastKnownFileType = sourcecode.c.h; path = MealsRepository.h; sourceTree = "<group>"; };
		20B206AA2291EE1F0038875A /* MealsRepository.m */ = {isa = PBXFileReference; lastKnownFileType = sourcecode.c.objc; path = MealsRepository.m; sourceTree = "<group>"; };
		20B206C42291F07F0038875A /* WorkoutValues+CoreDataProperties.h */ = {isa = PBXFileReference; fileEncoding = 4; lastKnownFileType = sourcecode.c.h; path = "WorkoutValues+CoreDataProperties.h"; sourceTree = "<group>"; };
		20B206C52291F07F0038875A /* WorkoutValues+CoreDataProperties.m */ = {isa = PBXFileReference; fileEncoding = 4; lastKnownFileType = sourcecode.c.objc; path = "WorkoutValues+CoreDataProperties.m"; sourceTree = "<group>"; };
		20B206C62291F07F0038875A /* WorkoutValues+CoreDataClass.m */ = {isa = PBXFileReference; fileEncoding = 4; lastKnownFileType = sourcecode.c.objc; path = "WorkoutValues+CoreDataClass.m"; sourceTree = "<group>"; };
		20B206C72291F07F0038875A /* DietaryValues+CoreDataProperties.m */ = {isa = PBXFileReference; fileEncoding = 4; lastKnownFileType = sourcecode.c.objc; path = "DietaryValues+CoreDataProperties.m"; sourceTree = "<group>"; };
		20B206C82291F0800038875A /* WorkoutValues+CoreDataClass.h */ = {isa = PBXFileReference; fileEncoding = 4; lastKnownFileType = sourcecode.c.h; path = "WorkoutValues+CoreDataClass.h"; sourceTree = "<group>"; };
		20B206C92291F0800038875A /* DietaryValues+CoreDataClass.m */ = {isa = PBXFileReference; fileEncoding = 4; lastKnownFileType = sourcecode.c.objc; path = "DietaryValues+CoreDataClass.m"; sourceTree = "<group>"; };
		20B206CA2291F0800038875A /* DietaryValues+CoreDataClass.h */ = {isa = PBXFileReference; fileEncoding = 4; lastKnownFileType = sourcecode.c.h; path = "DietaryValues+CoreDataClass.h"; sourceTree = "<group>"; };
		20B206D12291F0B30038875A /* DietaryValues+CoreDataProperties.h */ = {isa = PBXFileReference; lastKnownFileType = sourcecode.c.h; name = "DietaryValues+CoreDataProperties.h"; path = "EatTrainSleepRepeat/DietaryValues+CoreDataProperties.h"; sourceTree = SOURCE_ROOT; };
		20B206D32291F0C90038875A /* MealDTO.h */ = {isa = PBXFileReference; lastKnownFileType = sourcecode.c.h; path = MealDTO.h; sourceTree = "<group>"; };
		20B206D42291F0C90038875A /* MealDTO.m */ = {isa = PBXFileReference; lastKnownFileType = sourcecode.c.objc; path = MealDTO.m; sourceTree = "<group>"; };
		20B206D72291F0D50038875A /* MealTimeDTO.h */ = {isa = PBXFileReference; lastKnownFileType = sourcecode.c.h; path = MealTimeDTO.h; sourceTree = "<group>"; };
		20B206D82291F0D50038875A /* MealTimeDTO.m */ = {isa = PBXFileReference; lastKnownFileType = sourcecode.c.objc; path = MealTimeDTO.m; sourceTree = "<group>"; };
		20B206E02291F4C90038875A /* MealTime+CoreDataClass.h */ = {isa = PBXFileReference; fileEncoding = 4; lastKnownFileType = sourcecode.c.h; path = "MealTime+CoreDataClass.h"; sourceTree = "<group>"; };
		20B206E12291F4C90038875A /* MealTime+CoreDataProperties.m */ = {isa = PBXFileReference; fileEncoding = 4; lastKnownFileType = sourcecode.c.objc; path = "MealTime+CoreDataProperties.m"; sourceTree = "<group>"; };
		20B206E22291F4C90038875A /* MealTime+CoreDataClass.m */ = {isa = PBXFileReference; fileEncoding = 4; lastKnownFileType = sourcecode.c.objc; path = "MealTime+CoreDataClass.m"; sourceTree = "<group>"; };
		20B206E32291F4CA0038875A /* MealTime+CoreDataProperties.h */ = {isa = PBXFileReference; fileEncoding = 4; lastKnownFileType = sourcecode.c.h; path = "MealTime+CoreDataProperties.h"; sourceTree = "<group>"; };
		20B206E8229203C10038875A /* AppNotes.h */ = {isa = PBXFileReference; lastKnownFileType = sourcecode.c.h; path = AppNotes.h; sourceTree = "<group>"; };
		20B2F0D72281BD1A004B3209 /* MealCell.h */ = {isa = PBXFileReference; lastKnownFileType = sourcecode.c.h; path = MealCell.h; sourceTree = "<group>"; };
		20B2F0D82281BD1A004B3209 /* MealCell.m */ = {isa = PBXFileReference; lastKnownFileType = sourcecode.c.objc; path = MealCell.m; sourceTree = "<group>"; };
		20B2F0DA2281BD26004B3209 /* MealCellViewModel.h */ = {isa = PBXFileReference; lastKnownFileType = sourcecode.c.h; path = MealCellViewModel.h; sourceTree = "<group>"; };
		20B2F0DB2281BD26004B3209 /* MealCellViewModel.m */ = {isa = PBXFileReference; lastKnownFileType = sourcecode.c.objc; path = MealCellViewModel.m; sourceTree = "<group>"; };
		20B2F0DF2281C7FD004B3209 /* MealTableViewHeader.h */ = {isa = PBXFileReference; lastKnownFileType = sourcecode.c.h; path = MealTableViewHeader.h; sourceTree = "<group>"; };
		20B2F0E02281C7FD004B3209 /* MealTableViewHeader.m */ = {isa = PBXFileReference; lastKnownFileType = sourcecode.c.objc; path = MealTableViewHeader.m; sourceTree = "<group>"; };
		20B2F0E22281C825004B3209 /* MealTimeViewModel.h */ = {isa = PBXFileReference; lastKnownFileType = sourcecode.c.h; path = MealTimeViewModel.h; sourceTree = "<group>"; };
		20B2F0E32281C825004B3209 /* MealTimeViewModel.m */ = {isa = PBXFileReference; lastKnownFileType = sourcecode.c.objc; path = MealTimeViewModel.m; sourceTree = "<group>"; };
		20B2F0E622845D50004B3209 /* MainMenuHeader.h */ = {isa = PBXFileReference; lastKnownFileType = sourcecode.c.h; path = MainMenuHeader.h; sourceTree = "<group>"; };
		20B2F0E722845D50004B3209 /* MainMenuHeader.m */ = {isa = PBXFileReference; lastKnownFileType = sourcecode.c.objc; path = MainMenuHeader.m; sourceTree = "<group>"; };
		20B2F0E922845D61004B3209 /* MainMenuHeaderViewModel.h */ = {isa = PBXFileReference; lastKnownFileType = sourcecode.c.h; path = MainMenuHeaderViewModel.h; sourceTree = "<group>"; };
		20B2F0EA22845D61004B3209 /* MainMenuHeaderViewModel.m */ = {isa = PBXFileReference; lastKnownFileType = sourcecode.c.objc; path = MainMenuHeaderViewModel.m; sourceTree = "<group>"; };
		20C2CAC4226C7B2B006EFDCC /* EatTrainSleepRepeat.app */ = {isa = PBXFileReference; explicitFileType = wrapper.application; includeInIndex = 0; path = EatTrainSleepRepeat.app; sourceTree = BUILT_PRODUCTS_DIR; };
		20C2CAC7226C7B2B006EFDCC /* AppDelegate.h */ = {isa = PBXFileReference; lastKnownFileType = sourcecode.c.h; path = AppDelegate.h; sourceTree = "<group>"; };
		20C2CAC8226C7B2B006EFDCC /* AppDelegate.m */ = {isa = PBXFileReference; lastKnownFileType = sourcecode.c.objc; path = AppDelegate.m; sourceTree = "<group>"; };
		20C2CAD1226C7B2B006EFDCC /* EatTrainSleepRepeat.xcdatamodel */ = {isa = PBXFileReference; lastKnownFileType = wrapper.xcdatamodel; path = EatTrainSleepRepeat.xcdatamodel; sourceTree = "<group>"; };
		20C2CAD3226C7B2D006EFDCC /* Assets.xcassets */ = {isa = PBXFileReference; lastKnownFileType = folder.assetcatalog; path = Assets.xcassets; sourceTree = "<group>"; };
		20C2CAD6226C7B2D006EFDCC /* Base */ = {isa = PBXFileReference; lastKnownFileType = file.storyboard; name = Base; path = Base.lproj/LaunchScreen.storyboard; sourceTree = "<group>"; };
		20C2CAD8226C7B2D006EFDCC /* Info.plist */ = {isa = PBXFileReference; lastKnownFileType = text.plist.xml; path = Info.plist; sourceTree = "<group>"; };
		20C2CAD9226C7B2D006EFDCC /* main.m */ = {isa = PBXFileReference; lastKnownFileType = sourcecode.c.objc; path = main.m; sourceTree = "<group>"; };
		20D0190622903FF80033F42E /* MealTimeAssembly.h */ = {isa = PBXFileReference; fileEncoding = 4; lastKnownFileType = sourcecode.c.h; path = MealTimeAssembly.h; sourceTree = "<group>"; };
		20D0190722903FF80033F42E /* MealTimeAssembly.m */ = {isa = PBXFileReference; fileEncoding = 4; lastKnownFileType = sourcecode.c.objc; path = MealTimeAssembly.m; sourceTree = "<group>"; };
		20D0190922903FF80033F42E /* MealTimePresenter.m */ = {isa = PBXFileReference; fileEncoding = 4; lastKnownFileType = sourcecode.c.objc; path = MealTimePresenter.m; sourceTree = "<group>"; };
		20D0190A22903FF80033F42E /* MealTimePresenter.h */ = {isa = PBXFileReference; fileEncoding = 4; lastKnownFileType = sourcecode.c.h; path = MealTimePresenter.h; sourceTree = "<group>"; };
		20D0190C22903FF80033F42E /* MealTimeViewController.h */ = {isa = PBXFileReference; fileEncoding = 4; lastKnownFileType = sourcecode.c.h; path = MealTimeViewController.h; sourceTree = "<group>"; };
		20D0190D22903FF80033F42E /* MealTimeViewController.m */ = {isa = PBXFileReference; fileEncoding = 4; lastKnownFileType = sourcecode.c.objc; path = MealTimeViewController.m; sourceTree = "<group>"; };
		20D0190F22903FF80033F42E /* MealTimeProtocols.h */ = {isa = PBXFileReference; fileEncoding = 4; lastKnownFileType = sourcecode.c.h; path = MealTimeProtocols.h; sourceTree = "<group>"; };
		20D0191122903FF80033F42E /* MealTimeRouter.m */ = {isa = PBXFileReference; fileEncoding = 4; lastKnownFileType = sourcecode.c.objc; path = MealTimeRouter.m; sourceTree = "<group>"; };
		20D0191222903FF80033F42E /* MealTimeRouter.h */ = {isa = PBXFileReference; fileEncoding = 4; lastKnownFileType = sourcecode.c.h; path = MealTimeRouter.h; sourceTree = "<group>"; };
		20DD5DA82292CFB60014A15A /* AddMealDataMediator.h */ = {isa = PBXFileReference; lastKnownFileType = sourcecode.c.h; path = AddMealDataMediator.h; sourceTree = "<group>"; };
		20DD5DA92292CFB60014A15A /* AddMealDataMediator.m */ = {isa = PBXFileReference; lastKnownFileType = sourcecode.c.objc; path = AddMealDataMediator.m; sourceTree = "<group>"; };
		20DD5DAC2292D1040014A15A /* ETSRTextFieldCell.h */ = {isa = PBXFileReference; lastKnownFileType = sourcecode.c.h; path = ETSRTextFieldCell.h; sourceTree = "<group>"; };
		20DD5DAD2292D1040014A15A /* ETSRTextFieldCell.m */ = {isa = PBXFileReference; lastKnownFileType = sourcecode.c.objc; path = ETSRTextFieldCell.m; sourceTree = "<group>"; };
		20DD5DAF2292D1400014A15A /* ETSRTextFieldCellViewModel.h */ = {isa = PBXFileReference; lastKnownFileType = sourcecode.c.h; path = ETSRTextFieldCellViewModel.h; sourceTree = "<group>"; };
		20DD5DB02292D1400014A15A /* ETSRTextFieldCellViewModel.m */ = {isa = PBXFileReference; lastKnownFileType = sourcecode.c.objc; path = ETSRTextFieldCellViewModel.m; sourceTree = "<group>"; };
		20E003782280E87E003E6265 /* WorkoutFacade.swift */ = {isa = PBXFileReference; lastKnownFileType = sourcecode.swift; path = WorkoutFacade.swift; sourceTree = "<group>"; };
		20F221A6226C7BD7009D6853 /* CoreDataService.h */ = {isa = PBXFileReference; lastKnownFileType = sourcecode.c.h; path = CoreDataService.h; sourceTree = "<group>"; };
		20F221A7226C7BD7009D6853 /* CoreDataService.m */ = {isa = PBXFileReference; lastKnownFileType = sourcecode.c.objc; path = CoreDataService.m; sourceTree = "<group>"; };
		20F221AF226C7D9D009D6853 /* Meal+CoreDataProperties.h */ = {isa = PBXFileReference; lastKnownFileType = sourcecode.c.h; path = "Meal+CoreDataProperties.h"; sourceTree = "<group>"; };
		20F221B0226C7D9D009D6853 /* Meal+CoreDataClass.h */ = {isa = PBXFileReference; lastKnownFileType = sourcecode.c.h; path = "Meal+CoreDataClass.h"; sourceTree = "<group>"; };
		20F221B1226C7D9D009D6853 /* Meal+CoreDataClass.m */ = {isa = PBXFileReference; lastKnownFileType = sourcecode.c.objc; path = "Meal+CoreDataClass.m"; sourceTree = "<group>"; };
		20F221B2226C7D9D009D6853 /* Meal+CoreDataProperties.m */ = {isa = PBXFileReference; lastKnownFileType = sourcecode.c.objc; path = "Meal+CoreDataProperties.m"; sourceTree = "<group>"; };
		20F221BD226C7ECC009D6853 /* EatTrainSleepRepeat-Bridging-Header.h */ = {isa = PBXFileReference; lastKnownFileType = sourcecode.c.h; path = "EatTrainSleepRepeat-Bridging-Header.h"; sourceTree = "<group>"; };
		20F221C9226C7EE5009D6853 /* TabBarViewController.h */ = {isa = PBXFileReference; fileEncoding = 4; lastKnownFileType = sourcecode.c.h; path = TabBarViewController.h; sourceTree = "<group>"; };
		20F221CA226C7EE5009D6853 /* TabBarViewController.m */ = {isa = PBXFileReference; fileEncoding = 4; lastKnownFileType = sourcecode.c.objc; path = TabBarViewController.m; sourceTree = "<group>"; };
		20F221CC226C7EE5009D6853 /* TabBarRouter.h */ = {isa = PBXFileReference; fileEncoding = 4; lastKnownFileType = sourcecode.c.h; path = TabBarRouter.h; sourceTree = "<group>"; };
		20F221CD226C7EE5009D6853 /* TabBarRouter.m */ = {isa = PBXFileReference; fileEncoding = 4; lastKnownFileType = sourcecode.c.objc; path = TabBarRouter.m; sourceTree = "<group>"; };
		20F221CF226C7EE5009D6853 /* TabBarPresenter.m */ = {isa = PBXFileReference; fileEncoding = 4; lastKnownFileType = sourcecode.c.objc; path = TabBarPresenter.m; sourceTree = "<group>"; };
		20F221D0226C7EE5009D6853 /* TabBarPresenter.h */ = {isa = PBXFileReference; fileEncoding = 4; lastKnownFileType = sourcecode.c.h; path = TabBarPresenter.h; sourceTree = "<group>"; };
		20F221D2226C7EE5009D6853 /* TabBarAssembly.h */ = {isa = PBXFileReference; fileEncoding = 4; lastKnownFileType = sourcecode.c.h; path = TabBarAssembly.h; sourceTree = "<group>"; };
		20F221D3226C7EE5009D6853 /* TabBarAssembly.m */ = {isa = PBXFileReference; fileEncoding = 4; lastKnownFileType = sourcecode.c.objc; path = TabBarAssembly.m; sourceTree = "<group>"; };
		20F221D6226C7EE5009D6853 /* TabBarProtocols.h */ = {isa = PBXFileReference; fileEncoding = 4; lastKnownFileType = sourcecode.c.h; path = TabBarProtocols.h; sourceTree = "<group>"; };
		20F221EA226C8048009D6853 /* MainMenuPresenter.m */ = {isa = PBXFileReference; fileEncoding = 4; lastKnownFileType = sourcecode.c.objc; path = MainMenuPresenter.m; sourceTree = "<group>"; };
		20F221EB226C8048009D6853 /* MainMenuPresenter.h */ = {isa = PBXFileReference; fileEncoding = 4; lastKnownFileType = sourcecode.c.h; path = MainMenuPresenter.h; sourceTree = "<group>"; };
		20F221ED226C8048009D6853 /* MainMenuAssembly.h */ = {isa = PBXFileReference; fileEncoding = 4; lastKnownFileType = sourcecode.c.h; path = MainMenuAssembly.h; sourceTree = "<group>"; };
		20F221EE226C8048009D6853 /* MainMenuAssembly.m */ = {isa = PBXFileReference; fileEncoding = 4; lastKnownFileType = sourcecode.c.objc; path = MainMenuAssembly.m; sourceTree = "<group>"; };
		20F221F0226C8048009D6853 /* MainMenuProtocols.h */ = {isa = PBXFileReference; fileEncoding = 4; lastKnownFileType = sourcecode.c.h; path = MainMenuProtocols.h; sourceTree = "<group>"; };
		20F221F2226C8048009D6853 /* MainMenuRouter.m */ = {isa = PBXFileReference; fileEncoding = 4; lastKnownFileType = sourcecode.c.objc; path = MainMenuRouter.m; sourceTree = "<group>"; };
		20F221F3226C8048009D6853 /* MainMenuRouter.h */ = {isa = PBXFileReference; fileEncoding = 4; lastKnownFileType = sourcecode.c.h; path = MainMenuRouter.h; sourceTree = "<group>"; };
		20F221F5226C8048009D6853 /* MainMenuViewController.h */ = {isa = PBXFileReference; fileEncoding = 4; lastKnownFileType = sourcecode.c.h; path = MainMenuViewController.h; sourceTree = "<group>"; };
		20F221F6226C8048009D6853 /* MainMenuViewController.m */ = {isa = PBXFileReference; fileEncoding = 4; lastKnownFileType = sourcecode.c.objc; path = MainMenuViewController.m; sourceTree = "<group>"; };
		20F221FF226C96D4009D6853 /* NetworkService.h */ = {isa = PBXFileReference; lastKnownFileType = sourcecode.c.h; path = NetworkService.h; sourceTree = "<group>"; };
		20F22200226C96D4009D6853 /* NetworkService.m */ = {isa = PBXFileReference; lastKnownFileType = sourcecode.c.objc; path = NetworkService.m; sourceTree = "<group>"; };
		20F22204226C9E1D009D6853 /* UIView+Constraints.h */ = {isa = PBXFileReference; lastKnownFileType = sourcecode.c.h; path = "UIView+Constraints.h"; sourceTree = "<group>"; };
		20F22205226C9E1D009D6853 /* UIView+Constraints.m */ = {isa = PBXFileReference; lastKnownFileType = sourcecode.c.objc; path = "UIView+Constraints.m"; sourceTree = "<group>"; };
		20F22208226C9F99009D6853 /* ETSRMainMenuCell.h */ = {isa = PBXFileReference; lastKnownFileType = sourcecode.c.h; path = ETSRMainMenuCell.h; sourceTree = "<group>"; };
		20F22209226C9F99009D6853 /* ETSRMainMenuCell.m */ = {isa = PBXFileReference; lastKnownFileType = sourcecode.c.objc; path = ETSRMainMenuCell.m; sourceTree = "<group>"; };
		20F2220B226CA06F009D6853 /* MainMenuCellViewModel.h */ = {isa = PBXFileReference; lastKnownFileType = sourcecode.c.h; path = MainMenuCellViewModel.h; sourceTree = "<group>"; };
		20F2220C226CA06F009D6853 /* MainMenuCellViewModel.m */ = {isa = PBXFileReference; lastKnownFileType = sourcecode.c.objc; path = MainMenuCellViewModel.m; sourceTree = "<group>"; };
		748A33E9BB2CCD81F1E45673 /* Pods-EatTrainSleepRepeat.release.xcconfig */ = {isa = PBXFileReference; includeInIndex = 1; lastKnownFileType = text.xcconfig; name = "Pods-EatTrainSleepRepeat.release.xcconfig"; path = "Target Support Files/Pods-EatTrainSleepRepeat/Pods-EatTrainSleepRepeat.release.xcconfig"; sourceTree = "<group>"; };
		F012CCE96EE98F9E49DDB60F /* Pods-EatTrainSleepRepeat.debug.xcconfig */ = {isa = PBXFileReference; includeInIndex = 1; lastKnownFileType = text.xcconfig; name = "Pods-EatTrainSleepRepeat.debug.xcconfig"; path = "Target Support Files/Pods-EatTrainSleepRepeat/Pods-EatTrainSleepRepeat.debug.xcconfig"; sourceTree = "<group>"; };
/* End PBXFileReference section */

/* Begin PBXFrameworksBuildPhase section */
		20C2CAC1226C7B2B006EFDCC /* Frameworks */ = {
			isa = PBXFrameworksBuildPhase;
			buildActionMask = 2147483647;
			files = (
				AF1E120B67A67FC3596FDC64 /* libPods-EatTrainSleepRepeat.a in Frameworks */,
				20AD30AF2280BBFD0078E8C6 /* HealthKit.framework in Frameworks */,
			);
			runOnlyForDeploymentPostprocessing = 0;
		};
/* End PBXFrameworksBuildPhase section */

/* Begin PBXGroup section */
		20213B5322929A8000A29F52 /* Models */ = {
			isa = PBXGroup;
			children = (
				20213B5622929A9400A29F52 /* CoreData */,
			);
			name = Models;
			sourceTree = "<group>";
		};
		20213B5622929A9400A29F52 /* CoreData */ = {
			isa = PBXGroup;
			children = (
				20213B5822929AA600A29F52 /* CoreDataModels */,
				20213B5722929A9C00A29F52 /* CoreDataDTO's */,
			);
			name = CoreData;
			sourceTree = "<group>";
		};
		20213B5722929A9C00A29F52 /* CoreDataDTO's */ = {
			isa = PBXGroup;
			children = (
				20213B5A22929ABC00A29F52 /* Meal */,
				20213B5922929AB600A29F52 /* MealTime */,
			);
			name = "CoreDataDTO's";
			sourceTree = "<group>";
		};
		20213B5822929AA600A29F52 /* CoreDataModels */ = {
			isa = PBXGroup;
			children = (
				20213B5E22929AEE00A29F52 /* WorkoutValues */,
				20213B5D22929AE700A29F52 /* DietaryValues */,
				20213B5C22929AE300A29F52 /* MealTime */,
				20213B5B22929ADD00A29F52 /* Meal */,
			);
			name = CoreDataModels;
			sourceTree = "<group>";
		};
		20213B5922929AB600A29F52 /* MealTime */ = {
			isa = PBXGroup;
			children = (
				20B206D72291F0D50038875A /* MealTimeDTO.h */,
				20B206D82291F0D50038875A /* MealTimeDTO.m */,
			);
			name = MealTime;
			sourceTree = "<group>";
		};
		20213B5A22929ABC00A29F52 /* Meal */ = {
			isa = PBXGroup;
			children = (
				20B206D32291F0C90038875A /* MealDTO.h */,
				20B206D42291F0C90038875A /* MealDTO.m */,
			);
			name = Meal;
			sourceTree = "<group>";
		};
		20213B5B22929ADD00A29F52 /* Meal */ = {
			isa = PBXGroup;
			children = (
				20F221B0226C7D9D009D6853 /* Meal+CoreDataClass.h */,
				20F221B1226C7D9D009D6853 /* Meal+CoreDataClass.m */,
				20F221AF226C7D9D009D6853 /* Meal+CoreDataProperties.h */,
				20F221B2226C7D9D009D6853 /* Meal+CoreDataProperties.m */,
			);
			name = Meal;
			sourceTree = "<group>";
		};
		20213B5C22929AE300A29F52 /* MealTime */ = {
			isa = PBXGroup;
			children = (
				20B206E02291F4C90038875A /* MealTime+CoreDataClass.h */,
				20B206E22291F4C90038875A /* MealTime+CoreDataClass.m */,
				20B206E32291F4CA0038875A /* MealTime+CoreDataProperties.h */,
				20B206E12291F4C90038875A /* MealTime+CoreDataProperties.m */,
			);
			name = MealTime;
			sourceTree = "<group>";
		};
		20213B5D22929AE700A29F52 /* DietaryValues */ = {
			isa = PBXGroup;
			children = (
				20B206CA2291F0800038875A /* DietaryValues+CoreDataClass.h */,
				20B206C92291F0800038875A /* DietaryValues+CoreDataClass.m */,
				20B206C72291F07F0038875A /* DietaryValues+CoreDataProperties.m */,
				20B206D12291F0B30038875A /* DietaryValues+CoreDataProperties.h */,
			);
			name = DietaryValues;
			sourceTree = "<group>";
		};
		20213B5E22929AEE00A29F52 /* WorkoutValues */ = {
			isa = PBXGroup;
			children = (
				20B206C42291F07F0038875A /* WorkoutValues+CoreDataProperties.h */,
				20B206C82291F0800038875A /* WorkoutValues+CoreDataClass.h */,
				20B206C62291F07F0038875A /* WorkoutValues+CoreDataClass.m */,
				20B206C52291F07F0038875A /* WorkoutValues+CoreDataProperties.m */,
			);
			name = WorkoutValues;
			sourceTree = "<group>";
		};
		20213B6022929B4600A29F52 /* Services */ = {
			isa = PBXGroup;
			children = (
				20213B6622929B7E00A29F52 /* Internal */,
				20213B6122929B5400A29F52 /* Core */,
			);
			name = Services;
			sourceTree = "<group>";
		};
		20213B6122929B5400A29F52 /* Core */ = {
			isa = PBXGroup;
			children = (
				20213B6422929B6000A29F52 /* Internal */,
				20213B6222929B5600A29F52 /* Network */,
			);
			name = Core;
			sourceTree = "<group>";
		};
		20213B6222929B5600A29F52 /* Network */ = {
			isa = PBXGroup;
			children = (
				20213B6322929B5A00A29F52 /* NetworkService */,
			);
			name = Network;
			sourceTree = "<group>";
		};
		20213B6322929B5A00A29F52 /* NetworkService */ = {
			isa = PBXGroup;
			children = (
				20F221FF226C96D4009D6853 /* NetworkService.h */,
				20F22200226C96D4009D6853 /* NetworkService.m */,
			);
			name = NetworkService;
			sourceTree = "<group>";
		};
		20213B6422929B6000A29F52 /* Internal */ = {
			isa = PBXGroup;
			children = (
				20213B6522929B6300A29F52 /* CoreDataService */,
			);
			name = Internal;
			sourceTree = "<group>";
		};
		20213B6522929B6300A29F52 /* CoreDataService */ = {
			isa = PBXGroup;
			children = (
				20F221A6226C7BD7009D6853 /* CoreDataService.h */,
				20F221A7226C7BD7009D6853 /* CoreDataService.m */,
			);
			name = CoreDataService;
			sourceTree = "<group>";
		};
		20213B6622929B7E00A29F52 /* Internal */ = {
			isa = PBXGroup;
			children = (
				20213B8C2292A19B00A29F52 /* DateService */,
				20213B6C22929BA700A29F52 /* HealthKit */,
				20213B6B22929BA200A29F52 /* Security */,
				20213B6822929B8D00A29F52 /* Notifications */,
				20213B6722929B8300A29F52 /* MealsRepostitory */,
			);
			name = Internal;
			sourceTree = "<group>";
		};
		20213B6722929B8300A29F52 /* MealsRepostitory */ = {
			isa = PBXGroup;
			children = (
				20B206A92291EE1F0038875A /* MealsRepository.h */,
				20B206AA2291EE1F0038875A /* MealsRepository.m */,
			);
			name = MealsRepostitory;
			sourceTree = "<group>";
		};
		20213B6822929B8D00A29F52 /* Notifications */ = {
			isa = PBXGroup;
			children = (
				20213B6A22929B9600A29F52 /* NotificationCenter */,
				20213B6922929B9100A29F52 /* Local */,
			);
			name = Notifications;
			sourceTree = "<group>";
		};
		20213B6922929B9100A29F52 /* Local */ = {
			isa = PBXGroup;
			children = (
				20B2066C22908A7A0038875A /* LocalNotificationsService.h */,
				20B2066D22908A7A0038875A /* LocalNotificationsService.m */,
			);
			name = Local;
			sourceTree = "<group>";
		};
		20213B6A22929B9600A29F52 /* NotificationCenter */ = {
			isa = PBXGroup;
			children = (
				20B206E8229203C10038875A /* AppNotes.h */,
			);
			name = NotificationCenter;
			sourceTree = "<group>";
		};
		20213B6B22929BA200A29F52 /* Security */ = {
			isa = PBXGroup;
			children = (
				20213B6D22929BB800A29F52 /* KeychainService */,
			);
			name = Security;
			sourceTree = "<group>";
		};
		20213B6C22929BA700A29F52 /* HealthKit */ = {
			isa = PBXGroup;
			children = (
				20213B7122929BCA00A29F52 /* HealthService */,
				20213B7022929BC800A29F52 /* Dietary */,
				20213B6F22929BC500A29F52 /* Workout */,
				20213B6E22929BC200A29F52 /* Sleep */,
			);
			name = HealthKit;
			sourceTree = "<group>";
		};
		20213B6D22929BB800A29F52 /* KeychainService */ = {
			isa = PBXGroup;
			children = (
				20B2064222904CEA0038875A /* KeychainService.h */,
				20B2064322904CEA0038875A /* KeychainService.m */,
			);
			name = KeychainService;
			sourceTree = "<group>";
		};
		20213B6E22929BC200A29F52 /* Sleep */ = {
			isa = PBXGroup;
			children = (
				20E003782280E87E003E6265 /* WorkoutFacade.swift */,
			);
			name = Sleep;
			sourceTree = "<group>";
		};
		20213B6F22929BC500A29F52 /* Workout */ = {
			isa = PBXGroup;
			children = (
			);
			name = Workout;
			sourceTree = "<group>";
		};
		20213B7022929BC800A29F52 /* Dietary */ = {
			isa = PBXGroup;
			children = (
				20AD30B52280DC6C0078E8C6 /* DietaryFacade.h */,
				20AD30B62280DC6C0078E8C6 /* DietaryFacade.m */,
			);
			name = Dietary;
			sourceTree = "<group>";
		};
		20213B7122929BCA00A29F52 /* HealthService */ = {
			isa = PBXGroup;
			children = (
				20AD30AB2280BBDA0078E8C6 /* HealthService.h */,
				20AD30AC2280BBDA0078E8C6 /* HealthService.m */,
			);
			name = HealthService;
			sourceTree = "<group>";
		};
		20213B7322929CF900A29F52 /* Common */ = {
			isa = PBXGroup;
			children = (
				20213B7A22929DDD00A29F52 /* Views */,
				20213B7722929D3200A29F52 /* Categories */,
				20213B7622929D2200A29F52 /* SwiftExtensions */,
				20213B7522929D1200A29F52 /* Alertable */,
				20213B7422929D0600A29F52 /* ErrorDTO */,
			);
			name = Common;
			sourceTree = "<group>";
		};
		20213B7422929D0600A29F52 /* ErrorDTO */ = {
			isa = PBXGroup;
			children = (
				20B20673229173AC0038875A /* ErrorDTO.h */,
				20B20674229173AC0038875A /* ErrorDTO.m */,
			);
			name = ErrorDTO;
			sourceTree = "<group>";
		};
		20213B7522929D1200A29F52 /* Alertable */ = {
			isa = PBXGroup;
			children = (
				20B2064622905D900038875A /* Alertable.h */,
				20B2064A22905DEB0038875A /* UIViewController+Alertable.h */,
				20B2064B22905DEB0038875A /* UIViewController+Alertable.m */,
			);
			name = Alertable;
			sourceTree = "<group>";
		};
		20213B7622929D2200A29F52 /* SwiftExtensions */ = {
			isa = PBXGroup;
			children = (
				209000A2228480E200394CFE /* UIColor.swift */,
			);
			name = SwiftExtensions;
			sourceTree = "<group>";
		};
		20213B7722929D3200A29F52 /* Categories */ = {
			isa = PBXGroup;
			children = (
				20213B7922929D4700A29F52 /* UIView+Constraints */,
				20213B7822929D3D00A29F52 /* UIView+CornerRadius */,
			);
			name = Categories;
			sourceTree = "<group>";
		};
		20213B7822929D3D00A29F52 /* UIView+CornerRadius */ = {
			isa = PBXGroup;
			children = (
				20B206A52291880A0038875A /* UIView+CornerRadius.h */,
				20B206A62291880A0038875A /* UIView+CornerRadius.m */,
			);
			name = "UIView+CornerRadius";
			sourceTree = "<group>";
		};
		20213B7922929D4700A29F52 /* UIView+Constraints */ = {
			isa = PBXGroup;
			children = (
				20F22204226C9E1D009D6853 /* UIView+Constraints.h */,
				20F22205226C9E1D009D6853 /* UIView+Constraints.m */,
			);
			name = "UIView+Constraints";
			sourceTree = "<group>";
		};
		20213B7A22929DDD00A29F52 /* Views */ = {
			isa = PBXGroup;
			children = (
				20213B7F22929E1F00A29F52 /* TableViewCells */,
				20213B7B22929DE100A29F52 /* CustomViews */,
			);
			name = Views;
			sourceTree = "<group>";
		};
		20213B7B22929DE100A29F52 /* CustomViews */ = {
			isa = PBXGroup;
			children = (
				20213B7E22929DF100A29F52 /* MealTableHeader */,
				20213B7D22929DEC00A29F52 /* MainMenuHeader */,
				20213B7C22929DE700A29F52 /* MealTableFooter */,
			);
			name = CustomViews;
			sourceTree = "<group>";
		};
		20213B7C22929DE700A29F52 /* MealTableFooter */ = {
			isa = PBXGroup;
			children = (
				20B2067B229181BB0038875A /* MealTableFooter.h */,
				20B2067C229181BB0038875A /* MealTableFooter.m */,
				20B2067E229181C30038875A /* MealTableFooterViewModel.h */,
				20B2067F229181C30038875A /* MealTableFooterViewModel.m */,
			);
			name = MealTableFooter;
			sourceTree = "<group>";
		};
		20213B7D22929DEC00A29F52 /* MainMenuHeader */ = {
			isa = PBXGroup;
			children = (
				20B2F0E622845D50004B3209 /* MainMenuHeader.h */,
				20B2F0E722845D50004B3209 /* MainMenuHeader.m */,
				20B2F0E922845D61004B3209 /* MainMenuHeaderViewModel.h */,
				20B2F0EA22845D61004B3209 /* MainMenuHeaderViewModel.m */,
			);
			name = MainMenuHeader;
			sourceTree = "<group>";
		};
		20213B7E22929DF100A29F52 /* MealTableHeader */ = {
			isa = PBXGroup;
			children = (
				20B2F0DF2281C7FD004B3209 /* MealTableViewHeader.h */,
				20B2F0E02281C7FD004B3209 /* MealTableViewHeader.m */,
				20B2F0E22281C825004B3209 /* MealTimeViewModel.h */,
				20B2F0E32281C825004B3209 /* MealTimeViewModel.m */,
			);
			name = MealTableHeader;
			sourceTree = "<group>";
		};
		20213B7F22929E1F00A29F52 /* TableViewCells */ = {
			isa = PBXGroup;
			children = (
				20DD5DAB2292D0F10014A15A /* TextFieldCell */,
				20213B8122929E2900A29F52 /* MainMenuCell */,
				20213B8022929E2600A29F52 /* MealCell */,
			);
			name = TableViewCells;
			sourceTree = "<group>";
		};
		20213B8022929E2600A29F52 /* MealCell */ = {
			isa = PBXGroup;
			children = (
				20B2F0D72281BD1A004B3209 /* MealCell.h */,
				20B2F0D82281BD1A004B3209 /* MealCell.m */,
				20B2F0DA2281BD26004B3209 /* MealCellViewModel.h */,
				20B2F0DB2281BD26004B3209 /* MealCellViewModel.m */,
			);
			name = MealCell;
			sourceTree = "<group>";
		};
		20213B8122929E2900A29F52 /* MainMenuCell */ = {
			isa = PBXGroup;
			children = (
				20F22208226C9F99009D6853 /* ETSRMainMenuCell.h */,
				20F22209226C9F99009D6853 /* ETSRMainMenuCell.m */,
				20F2220B226CA06F009D6853 /* MainMenuCellViewModel.h */,
				20F2220C226CA06F009D6853 /* MainMenuCellViewModel.m */,
			);
			name = MainMenuCell;
			sourceTree = "<group>";
		};
		20213B8322929E6300A29F52 /* Application */ = {
			isa = PBXGroup;
			children = (
				20C2CAC7226C7B2B006EFDCC /* AppDelegate.h */,
				20C2CAC8226C7B2B006EFDCC /* AppDelegate.m */,
				20213B8422929E6800A29F52 /* AppTheme */,
			);
			name = Application;
			sourceTree = "<group>";
		};
		20213B8422929E6800A29F52 /* AppTheme */ = {
			isa = PBXGroup;
			children = (
				2090009F22847FD300394CFE /* AppTheme.swift */,
			);
			name = AppTheme;
			sourceTree = "<group>";
		};
		20213B8522929ED500A29F52 /* Modules */ = {
			isa = PBXGroup;
			children = (
				20213BAC2292A55900A29F52 /* Navigation */,
				20213B9F2292A4EE00A29F52 /* Eat */,
				20213B992292A4B500A29F52 /* MainMenu */,
				20213B912292A48000A29F52 /* Auth */,
				20213B8622929ED900A29F52 /* Profile */,
			);
			name = Modules;
			sourceTree = "<group>";
		};
		20213B8622929ED900A29F52 /* Profile */ = {
			isa = PBXGroup;
			children = (
				20213B8B22929EED00A29F52 /* View */,
				20213B8A22929EE800A29F52 /* Router */,
				20213B8922929EE300A29F52 /* Protocols */,
				20213B8822929EE000A29F52 /* Presenter */,
				20213B8722929EDC00A29F52 /* Assembly */,
			);
			name = Profile;
			sourceTree = "<group>";
		};
		20213B8722929EDC00A29F52 /* Assembly */ = {
			isa = PBXGroup;
			children = (
				20B20661229073C30038875A /* ProfileAssembly.h */,
				20B20662229073C30038875A /* ProfileAssembly.m */,
			);
			name = Assembly;
			sourceTree = "<group>";
		};
		20213B8822929EE000A29F52 /* Presenter */ = {
			isa = PBXGroup;
			children = (
				20B20659229073C20038875A /* ProfilePresenter.h */,
				20B2065A229073C20038875A /* ProfilePresenter.m */,
			);
			name = Presenter;
			sourceTree = "<group>";
		};
		20213B8922929EE300A29F52 /* Protocols */ = {
			isa = PBXGroup;
			children = (
				20B2065F229073C30038875A /* ProfileProtocols.h */,
			);
			name = Protocols;
			sourceTree = "<group>";
		};
		20213B8A22929EE800A29F52 /* Router */ = {
			isa = PBXGroup;
			children = (
				20B2065C229073C20038875A /* ProfileRouter.h */,
				20B2065D229073C20038875A /* ProfileRouter.m */,
			);
			name = Router;
			sourceTree = "<group>";
		};
		20213B8B22929EED00A29F52 /* View */ = {
			isa = PBXGroup;
			children = (
				20B20664229073C30038875A /* ProfileViewController.h */,
				20B20665229073C30038875A /* ProfileViewController.m */,
			);
			name = View;
			sourceTree = "<group>";
		};
		20213B8C2292A19B00A29F52 /* DateService */ = {
			isa = PBXGroup;
			children = (
				20213B8E2292A1AE00A29F52 /* DateService.h */,
				20213B8F2292A1AE00A29F52 /* DateService.m */,
			);
			name = DateService;
			sourceTree = "<group>";
		};
		20213B912292A48000A29F52 /* Auth */ = {
			isa = PBXGroup;
			children = (
				20213B922292A48500A29F52 /* VKAuthScreen */,
			);
			name = Auth;
			sourceTree = "<group>";
		};
		20213B922292A48500A29F52 /* VKAuthScreen */ = {
			isa = PBXGroup;
			children = (
				20213B982292A49C00A29F52 /* View */,
				20213B972292A49900A29F52 /* Protocols */,
				20213B962292A49600A29F52 /* Presenter */,
				20213B952292A49300A29F52 /* Router */,
				20213B932292A48900A29F52 /* Assembly */,
			);
			name = VKAuthScreen;
			sourceTree = "<group>";
		};
		20213B932292A48900A29F52 /* Assembly */ = {
			isa = PBXGroup;
			children = (
				20B20633229049370038875A /* VKAuthScreenAssembly.h */,
				20B20634229049370038875A /* VKAuthScreenAssembly.m */,
			);
			name = Assembly;
			sourceTree = "<group>";
		};
		20213B952292A49300A29F52 /* Router */ = {
			isa = PBXGroup;
			children = (
				20B20638229049370038875A /* VKAuthScreenRouter.m */,
				20B20639229049370038875A /* VKAuthScreenRouter.h */,
			);
			name = Router;
			sourceTree = "<group>";
		};
		20213B962292A49600A29F52 /* Presenter */ = {
			isa = PBXGroup;
			children = (
				20B2062D229049370038875A /* VKAuthScreenPresenter.m */,
				20B2062E229049370038875A /* VKAuthScreenPresenter.h */,
			);
			name = Presenter;
			sourceTree = "<group>";
		};
		20213B972292A49900A29F52 /* Protocols */ = {
			isa = PBXGroup;
			children = (
				20B20636229049370038875A /* VKAuthScreenProtocols.h */,
			);
			name = Protocols;
			sourceTree = "<group>";
		};
		20213B982292A49C00A29F52 /* View */ = {
			isa = PBXGroup;
			children = (
				20B20630229049370038875A /* VKAuthScreenViewController.m */,
				20B20631229049370038875A /* VKAuthScreenViewController.h */,
			);
			name = View;
			sourceTree = "<group>";
		};
		20213B992292A4B500A29F52 /* MainMenu */ = {
			isa = PBXGroup;
			children = (
				20213B9E2292A4C900A29F52 /* Router */,
				20213B9D2292A4C600A29F52 /* View */,
				20213B9C2292A4C400A29F52 /* Presenter */,
				20213B9B2292A4C000A29F52 /* Protocols */,
				20213B9A2292A4BC00A29F52 /* Assembly */,
			);
			name = MainMenu;
			sourceTree = "<group>";
		};
		20213B9A2292A4BC00A29F52 /* Assembly */ = {
			isa = PBXGroup;
			children = (
				20F221ED226C8048009D6853 /* MainMenuAssembly.h */,
				20F221EE226C8048009D6853 /* MainMenuAssembly.m */,
			);
			name = Assembly;
			sourceTree = "<group>";
		};
		20213B9B2292A4C000A29F52 /* Protocols */ = {
			isa = PBXGroup;
			children = (
				20F221F0226C8048009D6853 /* MainMenuProtocols.h */,
				2090009B2284794D00394CFE /* MainMenuDataMediator.h */,
				2090009C2284794D00394CFE /* MainMenuDataMediator.m */,
			);
			name = Protocols;
			sourceTree = "<group>";
		};
		20213B9C2292A4C400A29F52 /* Presenter */ = {
			isa = PBXGroup;
			children = (
				20F221EA226C8048009D6853 /* MainMenuPresenter.m */,
				20F221EB226C8048009D6853 /* MainMenuPresenter.h */,
			);
			name = Presenter;
			sourceTree = "<group>";
		};
		20213B9D2292A4C600A29F52 /* View */ = {
			isa = PBXGroup;
			children = (
				20F221F5226C8048009D6853 /* MainMenuViewController.h */,
				20F221F6226C8048009D6853 /* MainMenuViewController.m */,
			);
			name = View;
			sourceTree = "<group>";
		};
		20213B9E2292A4C900A29F52 /* Router */ = {
			isa = PBXGroup;
			children = (
				20F221F2226C8048009D6853 /* MainMenuRouter.m */,
				20F221F3226C8048009D6853 /* MainMenuRouter.h */,
			);
			name = Router;
			sourceTree = "<group>";
		};
		20213B9F2292A4EE00A29F52 /* Eat */ = {
			isa = PBXGroup;
			children = (
				20213BA12292A4F500A29F52 /* MealTimes */,
				20213BA02292A4F200A29F52 /* AddMeal */,
			);
			name = Eat;
			sourceTree = "<group>";
		};
		20213BA02292A4F200A29F52 /* AddMeal */ = {
			isa = PBXGroup;
			children = (
				20213BA62292A50D00A29F52 /* View */,
				20213BA52292A50B00A29F52 /* Router */,
				20213BA42292A50800A29F52 /* Protocols */,
				20213BA32292A50500A29F52 /* Presenter */,
				20213BA22292A50100A29F52 /* Assembly */,
			);
			name = AddMeal;
			sourceTree = "<group>";
		};
		20213BA12292A4F500A29F52 /* MealTimes */ = {
			isa = PBXGroup;
			children = (
				20213BAB2292A53700A29F52 /* View */,
				20213BAA2292A53500A29F52 /* Router */,
				20213BA92292A53200A29F52 /* Protocols */,
				20213BA82292A53000A29F52 /* Presenter */,
				20213BA72292A52C00A29F52 /* Assembly */,
			);
			name = MealTimes;
			sourceTree = "<group>";
		};
		20213BA22292A50100A29F52 /* Assembly */ = {
			isa = PBXGroup;
			children = (
				20B206962291855A0038875A /* AddMealAssembly.h */,
				20B206972291855A0038875A /* AddMealAssembly.m */,
			);
			name = Assembly;
			sourceTree = "<group>";
		};
		20213BA32292A50500A29F52 /* Presenter */ = {
			isa = PBXGroup;
			children = (
				20B2069E2291855B0038875A /* AddMealPresenter.h */,
				20B2069F2291855B0038875A /* AddMealPresenter.m */,
			);
			name = Presenter;
			sourceTree = "<group>";
		};
		20213BA42292A50800A29F52 /* Protocols */ = {
			isa = PBXGroup;
			children = (
				20B206992291855B0038875A /* AddMealProtocols.h */,
				20DD5DA82292CFB60014A15A /* AddMealDataMediator.h */,
				20DD5DA92292CFB60014A15A /* AddMealDataMediator.m */,
			);
			name = Protocols;
			sourceTree = "<group>";
		};
		20213BA52292A50B00A29F52 /* Router */ = {
			isa = PBXGroup;
			children = (
				20B206932291855A0038875A /* AddMealRouter.m */,
				20B206942291855A0038875A /* AddMealRouter.h */,
			);
			name = Router;
			sourceTree = "<group>";
		};
		20213BA62292A50D00A29F52 /* View */ = {
			isa = PBXGroup;
			children = (
				20B2069B2291855B0038875A /* AddMealViewController.m */,
				20B2069C2291855B0038875A /* AddMealViewController.h */,
			);
			name = View;
			sourceTree = "<group>";
		};
		20213BA72292A52C00A29F52 /* Assembly */ = {
			isa = PBXGroup;
			children = (
				20D0190622903FF80033F42E /* MealTimeAssembly.h */,
				20D0190722903FF80033F42E /* MealTimeAssembly.m */,
			);
			name = Assembly;
			sourceTree = "<group>";
		};
		20213BA82292A53000A29F52 /* Presenter */ = {
			isa = PBXGroup;
			children = (
				20D0190922903FF80033F42E /* MealTimePresenter.m */,
				20D0190A22903FF80033F42E /* MealTimePresenter.h */,
			);
			name = Presenter;
			sourceTree = "<group>";
		};
		20213BA92292A53200A29F52 /* Protocols */ = {
			isa = PBXGroup;
			children = (
				20D0190F22903FF80033F42E /* MealTimeProtocols.h */,
				20B2066F2291452A0038875A /* MealTimeDataMediator.h */,
				20B206702291452A0038875A /* MealTimeDataMediator.m */,
			);
			name = Protocols;
			sourceTree = "<group>";
		};
		20213BAA2292A53500A29F52 /* Router */ = {
			isa = PBXGroup;
			children = (
				20D0191122903FF80033F42E /* MealTimeRouter.m */,
				20D0191222903FF80033F42E /* MealTimeRouter.h */,
			);
			name = Router;
			sourceTree = "<group>";
		};
		20213BAB2292A53700A29F52 /* View */ = {
			isa = PBXGroup;
			children = (
				20D0190C22903FF80033F42E /* MealTimeViewController.h */,
				20D0190D22903FF80033F42E /* MealTimeViewController.m */,
			);
			name = View;
			sourceTree = "<group>";
		};
		20213BAC2292A55900A29F52 /* Navigation */ = {
			isa = PBXGroup;
			children = (
				20213BAD2292A55F00A29F52 /* TabBar */,
			);
			name = Navigation;
			sourceTree = "<group>";
		};
		20213BAD2292A55F00A29F52 /* TabBar */ = {
			isa = PBXGroup;
			children = (
				20213BB22292A57A00A29F52 /* View */,
				20213BB12292A57700A29F52 /* Router */,
				20213BB02292A57300A29F52 /* Protocols */,
				20213BAF2292A57100A29F52 /* Presenter */,
				20213BAE2292A56E00A29F52 /* Assembly */,
			);
			name = TabBar;
			sourceTree = "<group>";
		};
		20213BAE2292A56E00A29F52 /* Assembly */ = {
			isa = PBXGroup;
			children = (
				20F221D2226C7EE5009D6853 /* TabBarAssembly.h */,
				20F221D3226C7EE5009D6853 /* TabBarAssembly.m */,
			);
			name = Assembly;
			sourceTree = "<group>";
		};
		20213BAF2292A57100A29F52 /* Presenter */ = {
			isa = PBXGroup;
			children = (
				20F221CF226C7EE5009D6853 /* TabBarPresenter.m */,
				20F221D0226C7EE5009D6853 /* TabBarPresenter.h */,
			);
			name = Presenter;
			sourceTree = "<group>";
		};
		20213BB02292A57300A29F52 /* Protocols */ = {
			isa = PBXGroup;
			children = (
				20F221D6226C7EE5009D6853 /* TabBarProtocols.h */,
			);
			name = Protocols;
			sourceTree = "<group>";
		};
		20213BB12292A57700A29F52 /* Router */ = {
			isa = PBXGroup;
			children = (
				20F221CC226C7EE5009D6853 /* TabBarRouter.h */,
				20F221CD226C7EE5009D6853 /* TabBarRouter.m */,
			);
			name = Router;
			sourceTree = "<group>";
		};
		20213BB22292A57A00A29F52 /* View */ = {
			isa = PBXGroup;
			children = (
				20F221C9226C7EE5009D6853 /* TabBarViewController.h */,
				20F221CA226C7EE5009D6853 /* TabBarViewController.m */,
			);
			name = View;
			sourceTree = "<group>";
		};
		20C2CABB226C7B2B006EFDCC = {
			isa = PBXGroup;
			children = (
				20C2CAC6226C7B2B006EFDCC /* EatTrainSleepRepeat */,
				20C2CAC5226C7B2B006EFDCC /* Products */,
				EFF0C1574298C1E8E753A3F8 /* Pods */,
				5A2DE1D9177B6188202E8BB9 /* Frameworks */,
			);
			sourceTree = "<group>";
		};
		20C2CAC5226C7B2B006EFDCC /* Products */ = {
			isa = PBXGroup;
			children = (
				20C2CAC4226C7B2B006EFDCC /* EatTrainSleepRepeat.app */,
			);
			name = Products;
			sourceTree = "<group>";
		};
		20C2CAC6226C7B2B006EFDCC /* EatTrainSleepRepeat */ = {
			isa = PBXGroup;
			children = (
				20213B8522929ED500A29F52 /* Modules */,
				20213B8322929E6300A29F52 /* Application */,
				20213B7322929CF900A29F52 /* Common */,
				20213B6022929B4600A29F52 /* Services */,
				20213B5322929A8000A29F52 /* Models */,
				20AD30B02280BBFD0078E8C6 /* EatTrainSleepRepeat.entitlements */,
				20C2CAD3226C7B2D006EFDCC /* Assets.xcassets */,
				20C2CAD5226C7B2D006EFDCC /* LaunchScreen.storyboard */,
				20C2CAD8226C7B2D006EFDCC /* Info.plist */,
				20F221BD226C7ECC009D6853 /* EatTrainSleepRepeat-Bridging-Header.h */,
				20C2CAD9226C7B2D006EFDCC /* main.m */,
				20C2CAD0226C7B2B006EFDCC /* EatTrainSleepRepeat.xcdatamodeld */,
			);
			path = EatTrainSleepRepeat;
			sourceTree = "<group>";
		};
		20DD5DAB2292D0F10014A15A /* TextFieldCell */ = {
			isa = PBXGroup;
			children = (
				20DD5DAC2292D1040014A15A /* ETSRTextFieldCell.h */,
				20DD5DAD2292D1040014A15A /* ETSRTextFieldCell.m */,
				20DD5DAF2292D1400014A15A /* ETSRTextFieldCellViewModel.h */,
				20DD5DB02292D1400014A15A /* ETSRTextFieldCellViewModel.m */,
			);
			name = TextFieldCell;
			sourceTree = "<group>";
		};
		5A2DE1D9177B6188202E8BB9 /* Frameworks */ = {
			isa = PBXGroup;
			children = (
				20AD30AE2280BBFD0078E8C6 /* HealthKit.framework */,
				0A51F8BC639BBEAA8635F81F /* libPods-EatTrainSleepRepeat.a */,
			);
			name = Frameworks;
			sourceTree = "<group>";
		};
		EFF0C1574298C1E8E753A3F8 /* Pods */ = {
			isa = PBXGroup;
			children = (
				F012CCE96EE98F9E49DDB60F /* Pods-EatTrainSleepRepeat.debug.xcconfig */,
				748A33E9BB2CCD81F1E45673 /* Pods-EatTrainSleepRepeat.release.xcconfig */,
			);
			path = Pods;
			sourceTree = "<group>";
		};
/* End PBXGroup section */

/* Begin PBXNativeTarget section */
		20C2CAC3226C7B2B006EFDCC /* EatTrainSleepRepeat */ = {
			isa = PBXNativeTarget;
			buildConfigurationList = 20C2CADD226C7B2D006EFDCC /* Build configuration list for PBXNativeTarget "EatTrainSleepRepeat" */;
			buildPhases = (
				B5C2B0C097DD1C2DC9D4873A /* [CP] Check Pods Manifest.lock */,
				20C2CAC0226C7B2B006EFDCC /* Sources */,
				20C2CAC1226C7B2B006EFDCC /* Frameworks */,
				20C2CAC2226C7B2B006EFDCC /* Resources */,
			);
			buildRules = (
			);
			dependencies = (
			);
			name = EatTrainSleepRepeat;
			productName = EatTrainSleepRepeat;
			productReference = 20C2CAC4226C7B2B006EFDCC /* EatTrainSleepRepeat.app */;
			productType = "com.apple.product-type.application";
		};
/* End PBXNativeTarget section */

/* Begin PBXProject section */
		20C2CABC226C7B2B006EFDCC /* Project object */ = {
			isa = PBXProject;
			attributes = {
				LastUpgradeCheck = 1020;
				ORGANIZATIONNAME = pockerhead;
				TargetAttributes = {
					20C2CAC3226C7B2B006EFDCC = {
						CreatedOnToolsVersion = 10.2;
						LastSwiftMigration = 1020;
						SystemCapabilities = {
							com.apple.HealthKit = {
								enabled = 1;
							};
						};
					};
				};
			};
			buildConfigurationList = 20C2CABF226C7B2B006EFDCC /* Build configuration list for PBXProject "EatTrainSleepRepeat" */;
			compatibilityVersion = "Xcode 9.3";
			developmentRegion = en;
			hasScannedForEncodings = 0;
			knownRegions = (
				en,
				Base,
			);
			mainGroup = 20C2CABB226C7B2B006EFDCC;
			productRefGroup = 20C2CAC5226C7B2B006EFDCC /* Products */;
			projectDirPath = "";
			projectRoot = "";
			targets = (
				20C2CAC3226C7B2B006EFDCC /* EatTrainSleepRepeat */,
			);
		};
/* End PBXProject section */

/* Begin PBXResourcesBuildPhase section */
		20C2CAC2226C7B2B006EFDCC /* Resources */ = {
			isa = PBXResourcesBuildPhase;
			buildActionMask = 2147483647;
			files = (
				20C2CAD7226C7B2D006EFDCC /* LaunchScreen.storyboard in Resources */,
				20C2CAD4226C7B2D006EFDCC /* Assets.xcassets in Resources */,
			);
			runOnlyForDeploymentPostprocessing = 0;
		};
/* End PBXResourcesBuildPhase section */

/* Begin PBXShellScriptBuildPhase section */
		B5C2B0C097DD1C2DC9D4873A /* [CP] Check Pods Manifest.lock */ = {
			isa = PBXShellScriptBuildPhase;
			buildActionMask = 2147483647;
			files = (
			);
			inputFileListPaths = (
			);
			inputPaths = (
				"${PODS_PODFILE_DIR_PATH}/Podfile.lock",
				"${PODS_ROOT}/Manifest.lock",
			);
			name = "[CP] Check Pods Manifest.lock";
			outputFileListPaths = (
			);
			outputPaths = (
				"$(DERIVED_FILE_DIR)/Pods-EatTrainSleepRepeat-checkManifestLockResult.txt",
			);
			runOnlyForDeploymentPostprocessing = 0;
			shellPath = /bin/sh;
			shellScript = "diff \"${PODS_PODFILE_DIR_PATH}/Podfile.lock\" \"${PODS_ROOT}/Manifest.lock\" > /dev/null\nif [ $? != 0 ] ; then\n    # print error to STDERR\n    echo \"error: The sandbox is not in sync with the Podfile.lock. Run 'pod install' or update your CocoaPods installation.\" >&2\n    exit 1\nfi\n# This output is used by Xcode 'outputs' to avoid re-running this script phase.\necho \"SUCCESS\" > \"${SCRIPT_OUTPUT_FILE_0}\"\n";
			showEnvVarsInLog = 0;
		};
/* End PBXShellScriptBuildPhase section */

/* Begin PBXSourcesBuildPhase section */
		20C2CAC0226C7B2B006EFDCC /* Sources */ = {
			isa = PBXSourcesBuildPhase;
			buildActionMask = 2147483647;
			files = (
				20F221A8226C7BD7009D6853 /* CoreDataService.m in Sources */,
				20B206CE2291F0830038875A /* DietaryValues+CoreDataClass.m in Sources */,
				20B206CC2291F0830038875A /* WorkoutValues+CoreDataClass.m in Sources */,
				20B20675229173AC0038875A /* ErrorDTO.m in Sources */,
				20D0191322903FF80033F42E /* MealTimeAssembly.m in Sources */,
				20B206D92291F0D50038875A /* MealTimeDTO.m in Sources */,
				20B206CB2291F0830038875A /* WorkoutValues+CoreDataProperties.m in Sources */,
				20B20666229073C30038875A /* ProfilePresenter.m in Sources */,
				20F22206226C9E1D009D6853 /* UIView+Constraints.m in Sources */,
				20B206E42291F4CA0038875A /* MealTime+CoreDataProperties.m in Sources */,
				20C2CAD2226C7B2B006EFDCC /* EatTrainSleepRepeat.xcdatamodeld in Sources */,
				20B2063B229049370038875A /* VKAuthScreenViewController.m in Sources */,
				20B2F0EB22845D61004B3209 /* MainMenuHeaderViewModel.m in Sources */,
				20F221B5226C7D9D009D6853 /* Meal+CoreDataClass.m in Sources */,
				2090009D2284794D00394CFE /* MainMenuDataMediator.m in Sources */,
				20DD5DAA2292CFB60014A15A /* AddMealDataMediator.m in Sources */,
				20F22201226C96D4009D6853 /* NetworkService.m in Sources */,
				20B2F0D92281BD1A004B3209 /* MealCell.m in Sources */,
				20C2CADA226C7B2D006EFDCC /* main.m in Sources */,
				20F221D9226C7EE5009D6853 /* TabBarPresenter.m in Sources */,
				20B206A32291855B0038875A /* AddMealPresenter.m in Sources */,
				20B206712291452A0038875A /* MealTimeDataMediator.m in Sources */,
				209000A3228480E200394CFE /* UIColor.swift in Sources */,
				20DD5DB12292D1400014A15A /* ETSRTextFieldCellViewModel.m in Sources */,
				20B2063C229049370038875A /* VKAuthScreenAssembly.m in Sources */,
				20B20667229073C30038875A /* ProfileRouter.m in Sources */,
				20B2063A229049370038875A /* VKAuthScreenPresenter.m in Sources */,
				209000A022847FD300394CFE /* AppTheme.swift in Sources */,
				20C2CAC9226C7B2B006EFDCC /* AppDelegate.m in Sources */,
				20B20668229073C30038875A /* ProfileAssembly.m in Sources */,
				20B206E52291F4CA0038875A /* MealTime+CoreDataClass.m in Sources */,
				20B206D52291F0C90038875A /* MealDTO.m in Sources */,
				20B2F0E12281C7FD004B3209 /* MealTableViewHeader.m in Sources */,
				20B2F0E822845D50004B3209 /* MainMenuHeader.m in Sources */,
				20F221F9226C8048009D6853 /* MainMenuRouter.m in Sources */,
				20B206CD2291F0830038875A /* DietaryValues+CoreDataProperties.m in Sources */,
				20B2064C22905DEB0038875A /* UIViewController+Alertable.m in Sources */,
				20D0191422903FF80033F42E /* MealTimePresenter.m in Sources */,
				20F221D8226C7EE5009D6853 /* TabBarRouter.m in Sources */,
				20F221B6226C7D9D009D6853 /* Meal+CoreDataProperties.m in Sources */,
				20AD30B72280DC6C0078E8C6 /* DietaryFacade.m in Sources */,
				20F2220D226CA06F009D6853 /* MainMenuCellViewModel.m in Sources */,
				20B20669229073C30038875A /* ProfileViewController.m in Sources */,
				20B2F0DC2281BD26004B3209 /* MealCellViewModel.m in Sources */,
				20B2067D229181BB0038875A /* MealTableFooter.m in Sources */,
				20D0191522903FF80033F42E /* MealTimeViewController.m in Sources */,
				20E003792280E87E003E6265 /* WorkoutFacade.swift in Sources */,
				20B206A12291855B0038875A /* AddMealAssembly.m in Sources */,
				20B2F0E42281C825004B3209 /* MealTimeViewModel.m in Sources */,
				20F2220A226C9F99009D6853 /* ETSRMainMenuCell.m in Sources */,
				20F221D7226C7EE5009D6853 /* TabBarViewController.m in Sources */,
				20B2066E22908A7A0038875A /* LocalNotificationsService.m in Sources */,
				20F221F7226C8048009D6853 /* MainMenuPresenter.m in Sources */,
				20B206AB2291EE1F0038875A /* MealsRepository.m in Sources */,
				20DD5DAE2292D1040014A15A /* ETSRTextFieldCell.m in Sources */,
				20B206A02291855B0038875A /* AddMealRouter.m in Sources */,
				20D0191622903FF80033F42E /* MealTimeRouter.m in Sources */,
				20F221FA226C8048009D6853 /* MainMenuViewController.m in Sources */,
				20213B902292A1AE00A29F52 /* DateService.m in Sources */,
				20B2063D229049370038875A /* VKAuthScreenRouter.m in Sources */,
				20B20680229181C30038875A /* MealTableFooterViewModel.m in Sources */,
				20AD30AD2280BBDA0078E8C6 /* HealthService.m in Sources */,
				20F221DA226C7EE5009D6853 /* TabBarAssembly.m in Sources */,
				20B206A22291855B0038875A /* AddMealViewController.m in Sources */,
				20B206A72291880A0038875A /* UIView+CornerRadius.m in Sources */,
				20F221F8226C8048009D6853 /* MainMenuAssembly.m in Sources */,
				20B2064422904CEA0038875A /* KeychainService.m in Sources */,
			);
			runOnlyForDeploymentPostprocessing = 0;
		};
/* End PBXSourcesBuildPhase section */

/* Begin PBXVariantGroup section */
		20C2CAD5226C7B2D006EFDCC /* LaunchScreen.storyboard */ = {
			isa = PBXVariantGroup;
			children = (
				20C2CAD6226C7B2D006EFDCC /* Base */,
			);
			name = LaunchScreen.storyboard;
			sourceTree = "<group>";
		};
/* End PBXVariantGroup section */

/* Begin XCBuildConfiguration section */
		20C2CADB226C7B2D006EFDCC /* Debug */ = {
			isa = XCBuildConfiguration;
			buildSettings = {
				ALWAYS_SEARCH_USER_PATHS = NO;
				CLANG_ANALYZER_NONNULL = YES;
				CLANG_ANALYZER_NUMBER_OBJECT_CONVERSION = YES_AGGRESSIVE;
				CLANG_CXX_LANGUAGE_STANDARD = "gnu++14";
				CLANG_CXX_LIBRARY = "libc++";
				CLANG_ENABLE_MODULES = YES;
				CLANG_ENABLE_OBJC_ARC = YES;
				CLANG_ENABLE_OBJC_WEAK = YES;
				CLANG_WARN_BLOCK_CAPTURE_AUTORELEASING = YES;
				CLANG_WARN_BOOL_CONVERSION = YES;
				CLANG_WARN_COMMA = YES;
				CLANG_WARN_CONSTANT_CONVERSION = YES;
				CLANG_WARN_DEPRECATED_OBJC_IMPLEMENTATIONS = YES;
				CLANG_WARN_DIRECT_OBJC_ISA_USAGE = YES_ERROR;
				CLANG_WARN_DOCUMENTATION_COMMENTS = YES;
				CLANG_WARN_EMPTY_BODY = YES;
				CLANG_WARN_ENUM_CONVERSION = YES;
				CLANG_WARN_INFINITE_RECURSION = YES;
				CLANG_WARN_INT_CONVERSION = YES;
				CLANG_WARN_NON_LITERAL_NULL_CONVERSION = YES;
				CLANG_WARN_OBJC_IMPLICIT_RETAIN_SELF = YES;
				CLANG_WARN_OBJC_LITERAL_CONVERSION = YES;
				CLANG_WARN_OBJC_ROOT_CLASS = YES_ERROR;
				CLANG_WARN_RANGE_LOOP_ANALYSIS = YES;
				CLANG_WARN_STRICT_PROTOTYPES = YES;
				CLANG_WARN_SUSPICIOUS_MOVE = YES;
				CLANG_WARN_UNGUARDED_AVAILABILITY = YES_AGGRESSIVE;
				CLANG_WARN_UNREACHABLE_CODE = YES;
				CLANG_WARN__DUPLICATE_METHOD_MATCH = YES;
				CODE_SIGN_IDENTITY = "iPhone Developer";
				COPY_PHASE_STRIP = NO;
				DEBUG_INFORMATION_FORMAT = dwarf;
				ENABLE_STRICT_OBJC_MSGSEND = YES;
				ENABLE_TESTABILITY = YES;
				GCC_C_LANGUAGE_STANDARD = gnu11;
				GCC_DYNAMIC_NO_PIC = NO;
				GCC_NO_COMMON_BLOCKS = YES;
				GCC_OPTIMIZATION_LEVEL = 0;
				GCC_PREPROCESSOR_DEFINITIONS = (
					"DEBUG=1",
					"$(inherited)",
				);
				GCC_WARN_64_TO_32_BIT_CONVERSION = YES;
				GCC_WARN_ABOUT_RETURN_TYPE = YES_ERROR;
				GCC_WARN_UNDECLARED_SELECTOR = YES;
				GCC_WARN_UNINITIALIZED_AUTOS = YES_AGGRESSIVE;
				GCC_WARN_UNUSED_FUNCTION = YES;
				GCC_WARN_UNUSED_VARIABLE = YES;
				IPHONEOS_DEPLOYMENT_TARGET = 12.2;
				MTL_ENABLE_DEBUG_INFO = INCLUDE_SOURCE;
				MTL_FAST_MATH = YES;
				ONLY_ACTIVE_ARCH = YES;
				SDKROOT = iphoneos;
			};
			name = Debug;
		};
		20C2CADC226C7B2D006EFDCC /* Release */ = {
			isa = XCBuildConfiguration;
			buildSettings = {
				ALWAYS_SEARCH_USER_PATHS = NO;
				CLANG_ANALYZER_NONNULL = YES;
				CLANG_ANALYZER_NUMBER_OBJECT_CONVERSION = YES_AGGRESSIVE;
				CLANG_CXX_LANGUAGE_STANDARD = "gnu++14";
				CLANG_CXX_LIBRARY = "libc++";
				CLANG_ENABLE_MODULES = YES;
				CLANG_ENABLE_OBJC_ARC = YES;
				CLANG_ENABLE_OBJC_WEAK = YES;
				CLANG_WARN_BLOCK_CAPTURE_AUTORELEASING = YES;
				CLANG_WARN_BOOL_CONVERSION = YES;
				CLANG_WARN_COMMA = YES;
				CLANG_WARN_CONSTANT_CONVERSION = YES;
				CLANG_WARN_DEPRECATED_OBJC_IMPLEMENTATIONS = YES;
				CLANG_WARN_DIRECT_OBJC_ISA_USAGE = YES_ERROR;
				CLANG_WARN_DOCUMENTATION_COMMENTS = YES;
				CLANG_WARN_EMPTY_BODY = YES;
				CLANG_WARN_ENUM_CONVERSION = YES;
				CLANG_WARN_INFINITE_RECURSION = YES;
				CLANG_WARN_INT_CONVERSION = YES;
				CLANG_WARN_NON_LITERAL_NULL_CONVERSION = YES;
				CLANG_WARN_OBJC_IMPLICIT_RETAIN_SELF = YES;
				CLANG_WARN_OBJC_LITERAL_CONVERSION = YES;
				CLANG_WARN_OBJC_ROOT_CLASS = YES_ERROR;
				CLANG_WARN_RANGE_LOOP_ANALYSIS = YES;
				CLANG_WARN_STRICT_PROTOTYPES = YES;
				CLANG_WARN_SUSPICIOUS_MOVE = YES;
				CLANG_WARN_UNGUARDED_AVAILABILITY = YES_AGGRESSIVE;
				CLANG_WARN_UNREACHABLE_CODE = YES;
				CLANG_WARN__DUPLICATE_METHOD_MATCH = YES;
				CODE_SIGN_IDENTITY = "iPhone Developer";
				COPY_PHASE_STRIP = NO;
				DEBUG_INFORMATION_FORMAT = "dwarf-with-dsym";
				ENABLE_NS_ASSERTIONS = NO;
				ENABLE_STRICT_OBJC_MSGSEND = YES;
				GCC_C_LANGUAGE_STANDARD = gnu11;
				GCC_NO_COMMON_BLOCKS = YES;
				GCC_WARN_64_TO_32_BIT_CONVERSION = YES;
				GCC_WARN_ABOUT_RETURN_TYPE = YES_ERROR;
				GCC_WARN_UNDECLARED_SELECTOR = YES;
				GCC_WARN_UNINITIALIZED_AUTOS = YES_AGGRESSIVE;
				GCC_WARN_UNUSED_FUNCTION = YES;
				GCC_WARN_UNUSED_VARIABLE = YES;
				IPHONEOS_DEPLOYMENT_TARGET = 12.2;
				MTL_ENABLE_DEBUG_INFO = NO;
				MTL_FAST_MATH = YES;
				SDKROOT = iphoneos;
				VALIDATE_PRODUCT = YES;
			};
			name = Release;
		};
		20C2CADE226C7B2D006EFDCC /* Debug */ = {
			isa = XCBuildConfiguration;
			baseConfigurationReference = F012CCE96EE98F9E49DDB60F /* Pods-EatTrainSleepRepeat.debug.xcconfig */;
			buildSettings = {
				ASSETCATALOG_COMPILER_APPICON_NAME = AppIcon;
				CLANG_ENABLE_MODULES = YES;
				CODE_SIGN_ENTITLEMENTS = EatTrainSleepRepeat/EatTrainSleepRepeat.entitlements;
				CODE_SIGN_STYLE = Automatic;
				DEVELOPMENT_TEAM = 54X9L274YP;
				INFOPLIST_FILE = EatTrainSleepRepeat/Info.plist;
				LD_RUNPATH_SEARCH_PATHS = (
					"$(inherited)",
					"@executable_path/Frameworks",
				);
				PRODUCT_BUNDLE_IDENTIFIER = com.pockerhead.EatTrainSleepRepeat;
				PRODUCT_NAME = "$(TARGET_NAME)";
				SWIFT_OBJC_BRIDGING_HEADER = "EatTrainSleepRepeat/EatTrainSleepRepeat-Bridging-Header.h";
				SWIFT_OPTIMIZATION_LEVEL = "-Onone";
				SWIFT_VERSION = 5.0;
				TARGETED_DEVICE_FAMILY = "1,2";
			};
			name = Debug;
		};
		20C2CADF226C7B2D006EFDCC /* Release */ = {
			isa = XCBuildConfiguration;
			baseConfigurationReference = 748A33E9BB2CCD81F1E45673 /* Pods-EatTrainSleepRepeat.release.xcconfig */;
			buildSettings = {
				ASSETCATALOG_COMPILER_APPICON_NAME = AppIcon;
				CLANG_ENABLE_MODULES = YES;
				CODE_SIGN_ENTITLEMENTS = EatTrainSleepRepeat/EatTrainSleepRepeat.entitlements;
				CODE_SIGN_STYLE = Automatic;
				DEVELOPMENT_TEAM = 54X9L274YP;
				INFOPLIST_FILE = EatTrainSleepRepeat/Info.plist;
				LD_RUNPATH_SEARCH_PATHS = (
					"$(inherited)",
					"@executable_path/Frameworks",
				);
				PRODUCT_BUNDLE_IDENTIFIER = com.pockerhead.EatTrainSleepRepeat;
				PRODUCT_NAME = "$(TARGET_NAME)";
				SWIFT_OBJC_BRIDGING_HEADER = "EatTrainSleepRepeat/EatTrainSleepRepeat-Bridging-Header.h";
				SWIFT_VERSION = 5.0;
				TARGETED_DEVICE_FAMILY = "1,2";
			};
			name = Release;
		};
/* End XCBuildConfiguration section */

/* Begin XCConfigurationList section */
		20C2CABF226C7B2B006EFDCC /* Build configuration list for PBXProject "EatTrainSleepRepeat" */ = {
			isa = XCConfigurationList;
			buildConfigurations = (
				20C2CADB226C7B2D006EFDCC /* Debug */,
				20C2CADC226C7B2D006EFDCC /* Release */,
			);
			defaultConfigurationIsVisible = 0;
			defaultConfigurationName = Release;
		};
		20C2CADD226C7B2D006EFDCC /* Build configuration list for PBXNativeTarget "EatTrainSleepRepeat" */ = {
			isa = XCConfigurationList;
			buildConfigurations = (
				20C2CADE226C7B2D006EFDCC /* Debug */,
				20C2CADF226C7B2D006EFDCC /* Release */,
			);
			defaultConfigurationIsVisible = 0;
			defaultConfigurationName = Release;
		};
/* End XCConfigurationList section */

/* Begin XCVersionGroup section */
		20C2CAD0226C7B2B006EFDCC /* EatTrainSleepRepeat.xcdatamodeld */ = {
			isa = XCVersionGroup;
			children = (
				20C2CAD1226C7B2B006EFDCC /* EatTrainSleepRepeat.xcdatamodel */,
			);
			currentVersion = 20C2CAD1226C7B2B006EFDCC /* EatTrainSleepRepeat.xcdatamodel */;
			path = EatTrainSleepRepeat.xcdatamodeld;
			sourceTree = "<group>";
			versionGroupType = wrapper.xcdatamodel;
		};
/* End XCVersionGroup section */
	};
	rootObject = 20C2CABC226C7B2B006EFDCC /* Project object */;
}
